# Generated by move; do not edit
# This file should be checked in.

[move]
version = 4

[pinned.testnet.Call]
source = { local = "../../../dynamic-call/call" }
use_environment = "testnet"
manifest_digest = "202FB34793F4B22F7502D5497A63D781CFEDFA798B571C7B21B98BABA415CF8E"
deps = { Utils = "Utils", std = "MoveStdlib", sui = "Sui" }

[pinned.testnet.EndpointPtbBuilder]
source = { local = "../../endpoint-ptb-builder" }
use_environment = "testnet"
manifest_digest = "32DADA835DC4BF7B6BAD7A97C2865FE28C9C53305AE3AC48FE742526D2E2468C"
deps = { EndpointV2 = "EndpointV2", PtbMoveCall = "PtbMoveCall", std = "MoveStdlib", sui = "Sui" }

[pinned.testnet.EndpointV2]
source = { local = "../../../endpoint-v2" }
use_environment = "testnet"
manifest_digest = "10F82802C5BE6E39999F4FCC71CCD7D387392DAF11D6A1F2ADEC120D3EAEF286"
deps = { Call = "Call", Zro = "Zro", std = "MoveStdlib", sui = "Sui" }

[pinned.testnet.MessageLibCommon]
source = { local = "../../../message-libs/message-lib-common" }
use_environment = "testnet"
manifest_digest = "5CBBB48C5520ABB41388131D56EE0CA8B17985E35FC6FBEA4BE3DFEED60105EC"
deps = { EndpointV2 = "EndpointV2", std = "MoveStdlib", sui = "Sui" }

[pinned.testnet.MoveStdlib]
source = { git = "https://github.com/MystenLabs/sui.git", subdir = "crates/sui-framework/packages/move-stdlib", rev = "367fd808279bed26f7c64fc63160062a2ee29ab7" }
use_environment = "testnet"
manifest_digest = "C4FE4C91DE74CBF223B2E380AE40F592177D21870DC2D7EB6227D2D694E05363"
deps = {}

[pinned.testnet.PtbMoveCall]
source = { local = "../../ptb-move-call" }
use_environment = "testnet"
manifest_digest = "202FB34793F4B22F7502D5497A63D781CFEDFA798B571C7B21B98BABA415CF8E"
deps = { Utils = "Utils", std = "MoveStdlib", sui = "Sui" }

[pinned.testnet.SimpleMessageLib]
source = { local = "../../../message-libs/simple-message-lib" }
use_environment = "testnet"
manifest_digest = "B3E53E1C42BCDDDA4D62CB258E641D05CCA9FD056E2A96D3F52A9D5099D017BB"
deps = { MessageLibCommon = "MessageLibCommon", std = "MoveStdlib", sui = "Sui" }

[pinned.testnet.SimpleMsglibPtbBuilder]
source = { root = true }
use_environment = "testnet"
manifest_digest = "AAFE221D09E0A1B704A203D1D727B3B876ABF2C0FA95EEAFD5061ED0DA2EBFD5"
deps = { EndpointPtbBuilder = "EndpointPtbBuilder", SimpleMessageLib = "SimpleMessageLib", std = "MoveStdlib", sui = "Sui" }

[pinned.testnet.Sui]
source = { git = "https://github.com/MystenLabs/sui.git", subdir = "crates/sui-framework/packages/sui-framework", rev = "367fd808279bed26f7c64fc63160062a2ee29ab7" }
use_environment = "testnet"
manifest_digest = "7AFB66695545775FBFBB2D3078ADFD084244D5002392E837FDE21D9EA1C6D01C"
deps = { MoveStdlib = "MoveStdlib" }

[pinned.testnet.Utils]
source = { local = "../../../utils" }
use_environment = "testnet"
manifest_digest = "5745706258F61D6CE210904B3E6AE87A73CE9D31A6F93BE4718C442529332A87"
deps = { std = "MoveStdlib", sui = "Sui" }

[pinned.testnet.Zro]
source = { local = "../../../zro" }
use_environment = "testnet"
manifest_digest = "5745706258F61D6CE210904B3E6AE87A73CE9D31A6F93BE4718C442529332A87"
deps = { std = "MoveStdlib", sui = "Sui" }
