[move]
version = 3
manifest_digest = "1A521417A9A0B7E3E6A75925FEEC7D7FD9F49980310B137959B8BD90994A4057"
deps_digest = "397E6A9F7A624706DBDFEE056CE88391A15876868FD18A88504DA74EB458D697"

[[move.dependencies]]
id = "Bridge"
name = "Bridge"

[[move.dependencies]]
id = "MoveStdlib"
name = "MoveStdlib"

[[move.dependencies]]
id = "Sui"
name = "Sui"

[[move.dependencies]]
id = "SuiSystem"
name = "SuiSystem"

[[move.dependencies]]
id = "Utils"
name = "Utils"

[[move.package]]
id = "Bridge"

[move.package.source]
git = "https://github.com/MystenLabs/sui.git"
rev = "db951a5ea6b125f6253a6b7f436ddba46eb0feb3"
subdir = "crates/sui-framework/packages/bridge"

[[move.package.dependencies]]
id = "MoveStdlib"
name = "MoveStdlib"

[[move.package.dependencies]]
id = "Sui"
name = "Sui"

[[move.package.dependencies]]
id = "SuiSystem"
name = "SuiSystem"

[[move.package]]
id = "MoveStdlib"

[move.package.source]
git = "https://github.com/MystenLabs/sui.git"
rev = "db951a5ea6b125f6253a6b7f436ddba46eb0feb3"
subdir = "crates/sui-framework/packages/move-stdlib"

[[move.package]]
id = "Sui"

[move.package.source]
git = "https://github.com/MystenLabs/sui.git"
rev = "db951a5ea6b125f6253a6b7f436ddba46eb0feb3"
subdir = "crates/sui-framework/packages/sui-framework"

[[move.package.dependencies]]
id = "MoveStdlib"
name = "MoveStdlib"

[[move.package]]
id = "SuiSystem"

[move.package.source]
git = "https://github.com/MystenLabs/sui.git"
rev = "db951a5ea6b125f6253a6b7f436ddba46eb0feb3"
subdir = "crates/sui-framework/packages/sui-system"

[[move.package.dependencies]]
id = "MoveStdlib"
name = "MoveStdlib"

[[move.package.dependencies]]
id = "Sui"
name = "Sui"

[[move.package]]
id = "Utils"

[move.package.source]
local = "../utils"

[[move.package.dependencies]]
id = "Bridge"
name = "Bridge"

[[move.package.dependencies]]
id = "MoveStdlib"
name = "MoveStdlib"

[[move.package.dependencies]]
id = "Sui"
name = "Sui"

[[move.package.dependencies]]
id = "SuiSystem"
name = "SuiSystem"

[move.toolchain-version]
compiler-version = "1.54.1"
edition = "2024.beta"
flavor = "sui"

[env]
[env.testnet]
chain-id = "4c78adac"
original-published-id = "0x05da1c3f28b024a7397c813863a286988c82f9d3d7bd0a3418737f44e38ded5f"
latest-published-id = "0x05da1c3f28b024a7397c813863a286988c82f9d3d7bd0a3418737f44e38ded5f"
published-version = "1"

[env.mainnet]
chain-id = "35834a8a"
original-published-id = "0x26848d191c6b922a0bf185c4b3f6333179ce3b48df47d83fb112868bb65c2f37"
latest-published-id = "0x26848d191c6b922a0bf185c4b3f6333179ce3b48df47d83fb112868bb65c2f37"
published-version = "1"
