[move]
version = 3
manifest_digest = "1008B1B28060634326AB822C1A381BE1B19200E57F68F95FE3AC28AB2B5E545F"
deps_digest = "52B406A7A21811BEF51751CF88DA0E76DAEFFEAC888D4F4060B1A72BBE7D8D35"
dependencies= [
  { id = "Call", name = "Call" },
  { id = "Iota", name = "Iota" },
  { id = "IotaSystem", name = "IotaSystem" },
  { id = "MoveStdlib", name = "MoveStdlib" },
  { id = "Stardust", name = "Stardust" },
  { id = "Zro", name = "Zro" },
]

[[move.package]]
id = "Call"
source = { local = "../dynamic-call/call" }

dependencies = [
  { id = "Iota", name = "Iota" },
  { id = "IotaSystem", name = "IotaSystem" },
  { id = "MoveStdlib", name = "MoveStdlib" },
  { id = "Stardust", name = "Stardust" },
  { id = "Utils", name = "Utils" },
]

[[move.package]]
id = "Iota"
source = { git = "https://github.com/iotaledger/iota.git", rev = "79428efeb99e1bb60880a970a88d90621cb2ccff", subdir = "crates/iota-framework/packages/iota-framework" }

dependencies = [
  { id = "MoveStdlib", name = "MoveStdlib" },
]

[[move.package]]
id = "IotaSystem"
source = { git = "https://github.com/iotaledger/iota.git", rev = "79428efeb99e1bb60880a970a88d90621cb2ccff", subdir = "crates/iota-framework/packages/iota-system" }

dependencies = [
  { id = "Iota", name = "Iota" },
  { id = "MoveStdlib", name = "MoveStdlib" },
]

[[move.package]]
id = "MoveStdlib"
source = { git = "https://github.com/iotaledger/iota.git", rev = "79428efeb99e1bb60880a970a88d90621cb2ccff", subdir = "crates/iota-framework/packages/move-stdlib" }

[[move.package]]
id = "Stardust"
source = { git = "https://github.com/iotaledger/iota.git", rev = "79428efeb99e1bb60880a970a88d90621cb2ccff", subdir = "crates/iota-framework/packages/stardust" }

dependencies = [
  { id = "Iota", name = "Iota" },
  { id = "MoveStdlib", name = "MoveStdlib" },
]

[[move.package]]
id = "Utils"
source = { local = "../utils" }

dependencies = [
  { id = "Iota", name = "Iota" },
  { id = "IotaSystem", name = "IotaSystem" },
  { id = "MoveStdlib", name = "MoveStdlib" },
  { id = "Stardust", name = "Stardust" },
]

[[move.package]]
id = "Zro"
source = { local = "../zro" }

dependencies = [
  { id = "Iota", name = "Iota" },
  { id = "IotaSystem", name = "IotaSystem" },
  { id = "MoveStdlib", name = "MoveStdlib" },
  { id = "Stardust", name = "Stardust" },
]

[move.toolchain-version]
compiler-version = "1.9.2"
edition = "2024.beta"
flavor = "iota"

[env]
[env.testnet]
chain-id = "2304aa97"
original-published-id = "0xfca1ac6ffcae8ce9d937e94f30c930f9ce295b29496ed975d272efec511e2495"
latest-published-id = "0xfca1ac6ffcae8ce9d937e94f30c930f9ce295b29496ed975d272efec511e2495"
published-version = "1"

[env.mainnet]
chain-id = "6364aad5"
original-published-id = "0xb8e0cd76cb8916c48c03320e43d46c3775edd6f17ce7fbfad6c751289dcb1735"
latest-published-id = "0xb8e0cd76cb8916c48c03320e43d46c3775edd6f17ce7fbfad6c751289dcb1735"
published-version = "1"
