[move]
version = 3
manifest_digest = "5BDB290A366D53BF6580BE74E8421D3E1F94947610EA5CB200DAA2529CCC025A"
deps_digest = "52B406A7A21811BEF51751CF88DA0E76DAEFFEAC888D4F4060B1A72BBE7D8D35"
dependencies= [
  { id = "EndpointV2", name = "EndpointV2" },
  { id = "Iota", name = "Iota" },
  { id = "IotaSystem", name = "IotaSystem" },
  { id = "MoveStdlib", name = "MoveStdlib" },
  { id = "PtbMoveCall", name = "PtbMoveCall" },
  { id = "Stardust", name = "Stardust" },
]

[[move.package]]
id = "Call"
source = { local = "../../dynamic-call/call" }

dependencies = [
  { id = "Iota", name = "Iota" },
  { id = "IotaSystem", name = "IotaSystem" },
  { id = "MoveStdlib", name = "MoveStdlib" },
  { id = "Stardust", name = "Stardust" },
  { id = "Utils", name = "Utils" },
]

[[move.package]]
id = "EndpointV2"
source = { local = "../../endpoint-v2" }

dependencies = [
  { id = "Call", name = "Call" },
  { id = "Iota", name = "Iota" },
  { id = "IotaSystem", name = "IotaSystem" },
  { id = "MoveStdlib", name = "MoveStdlib" },
  { id = "Stardust", name = "Stardust" },
  { id = "Zro", name = "Zro" },
]

[[move.package]]
id = "Iota"
source = { git = "https://github.com/iotaledger/iota.git", rev = "79428efeb99e1bb60880a970a88d90621cb2ccff", subdir = "crates/iota-framework/packages/iota-framework" }

dependencies = [
  { id = "MoveStdlib", name = "MoveStdlib" },
]

[[move.package]]
id = "IotaSystem"
source = { git = "https://github.com/iotaledger/iota.git", rev = "79428efeb99e1bb60880a970a88d90621cb2ccff", subdir = "crates/iota-framework/packages/iota-system" }

dependencies = [
  { id = "Iota", name = "Iota" },
  { id = "MoveStdlib", name = "MoveStdlib" },
]

[[move.package]]
id = "MoveStdlib"
source = { git = "https://github.com/iotaledger/iota.git", rev = "79428efeb99e1bb60880a970a88d90621cb2ccff", subdir = "crates/iota-framework/packages/move-stdlib" }

[[move.package]]
id = "PtbMoveCall"
source = { local = "../ptb-move-call" }

dependencies = [
  { id = "Iota", name = "Iota" },
  { id = "IotaSystem", name = "IotaSystem" },
  { id = "MoveStdlib", name = "MoveStdlib" },
  { id = "Stardust", name = "Stardust" },
  { id = "Utils", name = "Utils" },
]

[[move.package]]
id = "Stardust"
source = { git = "https://github.com/iotaledger/iota.git", rev = "79428efeb99e1bb60880a970a88d90621cb2ccff", subdir = "crates/iota-framework/packages/stardust" }

dependencies = [
  { id = "Iota", name = "Iota" },
  { id = "MoveStdlib", name = "MoveStdlib" },
]

[[move.package]]
id = "Utils"
source = { local = "../../utils" }

dependencies = [
  { id = "Iota", name = "Iota" },
  { id = "IotaSystem", name = "IotaSystem" },
  { id = "MoveStdlib", name = "MoveStdlib" },
  { id = "Stardust", name = "Stardust" },
]

[[move.package]]
id = "Zro"
source = { local = "../../zro" }

dependencies = [
  { id = "Iota", name = "Iota" },
  { id = "IotaSystem", name = "IotaSystem" },
  { id = "MoveStdlib", name = "MoveStdlib" },
  { id = "Stardust", name = "Stardust" },
]

[move.toolchain-version]
compiler-version = "1.9.2"
edition = "2024.beta"
flavor = "iota"

[env]
[env.testnet]
chain-id = "2304aa97"
original-published-id = "0xb7057d8d0a01c8a120bd5f74d78eebe35c40e6800a8f0247d95b519000e24da1"
latest-published-id = "0xb7057d8d0a01c8a120bd5f74d78eebe35c40e6800a8f0247d95b519000e24da1"
published-version = "1"

[env.mainnet]
chain-id = "6364aad5"
original-published-id = "0x5d194608ce6b7dd7ff95c6f232aad6dc5955814366951792cfd10da506743fa1"
latest-published-id = "0x5d194608ce6b7dd7ff95c6f232aad6dc5955814366951792cfd10da506743fa1"
published-version = "1"
