[move]
version = 3
manifest_digest = "65C398C3CB2A92D86BB3BDBE5A745D2725FACFB30FE63088A8537606B7D32E65"
deps_digest = "52B406A7A21811BEF51751CF88DA0E76DAEFFEAC888D4F4060B1A72BBE7D8D35"
dependencies= [
  { id = "BlockedMessageLib", name = "BlockedMessageLib" },
  { id = "Bridge", name = "Bridge" },
  { id = "EndpointPtbBuilder", name = "EndpointPtbBuilder" },
  { id = "MoveStdlib", name = "MoveStdlib" },
  { id = "Sui", name = "Sui" },
  { id = "SuiSystem", name = "SuiSystem" },
]

[[move.package]]
id = "BlockedMessageLib"
source = { local = "../../../message-libs/blocked-message-lib" }

dependencies = [
  { id = "Bridge", name = "Bridge" },
  { id = "MessageLibCommon", name = "MessageLibCommon" },
  { id = "MoveStdlib", name = "MoveStdlib" },
  { id = "Sui", name = "Sui" },
  { id = "SuiSystem", name = "SuiSystem" },
]

[[move.package]]
id = "Bridge"
source = { git = "https://github.com/MystenLabs/sui.git", rev = "db951a5ea6b125f6253a6b7f436ddba46eb0feb3", subdir = "crates/sui-framework/packages/bridge" }

dependencies = [
  { id = "MoveStdlib", name = "MoveStdlib" },
  { id = "Sui", name = "Sui" },
  { id = "SuiSystem", name = "SuiSystem" },
]

[[move.package]]
id = "Call"
source = { local = "../../../dynamic-call/call" }

dependencies = [
  { id = "Bridge", name = "Bridge" },
  { id = "MoveStdlib", name = "MoveStdlib" },
  { id = "Sui", name = "Sui" },
  { id = "SuiSystem", name = "SuiSystem" },
  { id = "Utils", name = "Utils" },
]

[[move.package]]
id = "EndpointPtbBuilder"
source = { local = "../../endpoint-ptb-builder" }

dependencies = [
  { id = "Bridge", name = "Bridge" },
  { id = "EndpointV2", name = "EndpointV2" },
  { id = "MoveStdlib", name = "MoveStdlib" },
  { id = "PtbMoveCall", name = "PtbMoveCall" },
  { id = "Sui", name = "Sui" },
  { id = "SuiSystem", name = "SuiSystem" },
]

[[move.package]]
id = "EndpointV2"
source = { local = "../../../endpoint-v2" }

dependencies = [
  { id = "Bridge", name = "Bridge" },
  { id = "Call", name = "Call" },
  { id = "MoveStdlib", name = "MoveStdlib" },
  { id = "Sui", name = "Sui" },
  { id = "SuiSystem", name = "SuiSystem" },
  { id = "Zro", name = "Zro" },
]

[[move.package]]
id = "MessageLibCommon"
source = { local = "../../../message-libs/message-lib-common" }

dependencies = [
  { id = "Bridge", name = "Bridge" },
  { id = "EndpointV2", name = "EndpointV2" },
  { id = "MoveStdlib", name = "MoveStdlib" },
  { id = "Sui", name = "Sui" },
  { id = "SuiSystem", name = "SuiSystem" },
]

[[move.package]]
id = "MoveStdlib"
source = { git = "https://github.com/MystenLabs/sui.git", rev = "db951a5ea6b125f6253a6b7f436ddba46eb0feb3", subdir = "crates/sui-framework/packages/move-stdlib" }

[[move.package]]
id = "PtbMoveCall"
source = { local = "../../ptb-move-call" }

dependencies = [
  { id = "Bridge", name = "Bridge" },
  { id = "MoveStdlib", name = "MoveStdlib" },
  { id = "Sui", name = "Sui" },
  { id = "SuiSystem", name = "SuiSystem" },
  { id = "Utils", name = "Utils" },
]

[[move.package]]
id = "Sui"
source = { git = "https://github.com/MystenLabs/sui.git", rev = "db951a5ea6b125f6253a6b7f436ddba46eb0feb3", subdir = "crates/sui-framework/packages/sui-framework" }

dependencies = [
  { id = "MoveStdlib", name = "MoveStdlib" },
]

[[move.package]]
id = "SuiSystem"
source = { git = "https://github.com/MystenLabs/sui.git", rev = "db951a5ea6b125f6253a6b7f436ddba46eb0feb3", subdir = "crates/sui-framework/packages/sui-system" }

dependencies = [
  { id = "MoveStdlib", name = "MoveStdlib" },
  { id = "Sui", name = "Sui" },
]

[[move.package]]
id = "Utils"
source = { local = "../../../utils" }

dependencies = [
  { id = "Bridge", name = "Bridge" },
  { id = "MoveStdlib", name = "MoveStdlib" },
  { id = "Sui", name = "Sui" },
  { id = "SuiSystem", name = "SuiSystem" },
]

[[move.package]]
id = "Zro"
source = { local = "../../../zro" }

dependencies = [
  { id = "Bridge", name = "Bridge" },
  { id = "MoveStdlib", name = "MoveStdlib" },
  { id = "Sui", name = "Sui" },
  { id = "SuiSystem", name = "SuiSystem" },
]

[move.toolchain-version]
compiler-version = "1.54.1"
edition = "2024.beta"
flavor = "sui"

[env]
[env.testnet]
chain-id = "4c78adac"
original-published-id = "0xa791dddddc4007c7d13ce2318159f0e0e2f27ad5a5e330dfb821683663df43eb"
latest-published-id = "0xa791dddddc4007c7d13ce2318159f0e0e2f27ad5a5e330dfb821683663df43eb"
published-version = "1"

[env.mainnet]
chain-id = "35834a8a"
original-published-id = "0x578a57771bd2c5ade542211b6216037237147567ed81f6a285f832b657651f47"
latest-published-id = "0x578a57771bd2c5ade542211b6216037237147567ed81f6a285f832b657651f47"
published-version = "1"
