[move]
version = 3
manifest_digest = "926BF32AE00D7BE459E9A8C2DBD12866446676CFF17A514D5F8A9B86E47D8489"
deps_digest = "397E6A9F7A624706DBDFEE056CE88391A15876868FD18A88504DA74EB458D697"

[[move.dependencies]]
id = "Bridge"
name = "Bridge"

[[move.dependencies]]
id = "MoveStdlib"
name = "MoveStdlib"

[[move.dependencies]]
id = "Sui"
name = "Sui"

[[move.dependencies]]
id = "SuiSystem"
name = "SuiSystem"

[[move.dependencies]]
id = "Utils"
name = "Utils"

[[move.package]]
id = "Bridge"

[move.package.source]
git = "https://github.com/MystenLabs/sui.git"
rev = "db951a5ea6b125f6253a6b7f436ddba46eb0feb3"
subdir = "crates/sui-framework/packages/bridge"

[[move.package.dependencies]]
id = "MoveStdlib"
name = "MoveStdlib"

[[move.package.dependencies]]
id = "Sui"
name = "Sui"

[[move.package.dependencies]]
id = "SuiSystem"
name = "SuiSystem"

[[move.package]]
id = "MoveStdlib"

[move.package.source]
git = "https://github.com/MystenLabs/sui.git"
rev = "db951a5ea6b125f6253a6b7f436ddba46eb0feb3"
subdir = "crates/sui-framework/packages/move-stdlib"

[[move.package]]
id = "Sui"

[move.package.source]
git = "https://github.com/MystenLabs/sui.git"
rev = "db951a5ea6b125f6253a6b7f436ddba46eb0feb3"
subdir = "crates/sui-framework/packages/sui-framework"

[[move.package.dependencies]]
id = "MoveStdlib"
name = "MoveStdlib"

[[move.package]]
id = "SuiSystem"

[move.package.source]
git = "https://github.com/MystenLabs/sui.git"
rev = "db951a5ea6b125f6253a6b7f436ddba46eb0feb3"
subdir = "crates/sui-framework/packages/sui-system"

[[move.package.dependencies]]
id = "MoveStdlib"
name = "MoveStdlib"

[[move.package.dependencies]]
id = "Sui"
name = "Sui"

[[move.package]]
id = "Utils"

[move.package.source]
local = "../../utils"

[[move.package.dependencies]]
id = "Bridge"
name = "Bridge"

[[move.package.dependencies]]
id = "MoveStdlib"
name = "MoveStdlib"

[[move.package.dependencies]]
id = "Sui"
name = "Sui"

[[move.package.dependencies]]
id = "SuiSystem"
name = "SuiSystem"

[move.toolchain-version]
compiler-version = "1.54.1"
edition = "2024.beta"
flavor = "sui"

[env]
[env.testnet]
chain-id = "4c78adac"
original-published-id = "0xae59fe4e9d0a02258adfcd38bbdd048b341f6b43f3c9612453f5f9ca52e94cf1"
latest-published-id = "0xae59fe4e9d0a02258adfcd38bbdd048b341f6b43f3c9612453f5f9ca52e94cf1"
published-version = "1"

[env.mainnet]
chain-id = "35834a8a"
original-published-id = "0x51c7613a4cc7974057500e6bbbfb6e053fd807a6ab14aa7a2d8def233db19810"
latest-published-id = "0x51c7613a4cc7974057500e6bbbfb6e053fd807a6ab14aa7a2d8def233db19810"
published-version = "1"
