[move]
version = 3
manifest_digest = "6864289D7B66103FA86AB3480FDEE72731E086AA4DA387B0305A3374044F0FD4"
deps_digest = "397E6A9F7A624706DBDFEE056CE88391A15876868FD18A88504DA74EB458D697"
dependencies= [
  { id = "Dvn", name = "Dvn" },
  { id = "Iota", name = "Iota" },
  { id = "IotaSystem", name = "IotaSystem" },
  { id = "MoveStdlib", name = "MoveStdlib" },
  { id = "Stardust", name = "Stardust" },
]

[[move.package]]
id = "Call"
source = { local = "../../../dynamic-call/call" }

dependencies = [
  { id = "Iota", name = "Iota" },
  { id = "IotaSystem", name = "IotaSystem" },
  { id = "MoveStdlib", name = "MoveStdlib" },
  { id = "Stardust", name = "Stardust" },
  { id = "Utils", name = "Utils" },
]

[[move.package]]
id = "Dvn"
source = { local = "../dvn" }

dependencies = [
  { id = "DvnCallType", name = "DvnCallType" },
  { id = "Iota", name = "Iota" },
  { id = "IotaSystem", name = "IotaSystem" },
  { id = "MessageLibCommon", name = "MessageLibCommon" },
  { id = "MoveStdlib", name = "MoveStdlib" },
  { id = "MsglibPtbBuilderCallTypes", name = "MsglibPtbBuilderCallTypes" },
  { id = "MultiCall", name = "MultiCall" },
  { id = "Stardust", name = "Stardust" },
  { id = "UlnCommon", name = "UlnCommon" },
  { id = "WorkerCommon", name = "WorkerCommon" },
  { id = "WorkerRegistry", name = "WorkerRegistry" },
]

[[move.package]]
id = "DvnCallType"
source = { local = "../dvn-call-type" }

dependencies = [
  { id = "Iota", name = "Iota" },
  { id = "IotaSystem", name = "IotaSystem" },
  { id = "MoveStdlib", name = "MoveStdlib" },
  { id = "Stardust", name = "Stardust" },
]

[[move.package]]
id = "EndpointV2"
source = { local = "../../../endpoint-v2" }

dependencies = [
  { id = "Call", name = "Call" },
  { id = "Iota", name = "Iota" },
  { id = "IotaSystem", name = "IotaSystem" },
  { id = "MoveStdlib", name = "MoveStdlib" },
  { id = "Stardust", name = "Stardust" },
  { id = "Zro", name = "Zro" },
]

[[move.package]]
id = "Iota"
source = { git = "https://github.com/iotaledger/iota.git", rev = "79428efeb99e1bb60880a970a88d90621cb2ccff", subdir = "crates/iota-framework/packages/iota-framework" }

dependencies = [
  { id = "MoveStdlib", name = "MoveStdlib" },
]

[[move.package]]
id = "IotaSystem"
source = { git = "https://github.com/iotaledger/iota.git", rev = "79428efeb99e1bb60880a970a88d90621cb2ccff", subdir = "crates/iota-framework/packages/iota-system" }

dependencies = [
  { id = "Iota", name = "Iota" },
  { id = "MoveStdlib", name = "MoveStdlib" },
]

[[move.package]]
id = "MessageLibCommon"
source = { local = "../../../message-libs/message-lib-common" }

dependencies = [
  { id = "EndpointV2", name = "EndpointV2" },
  { id = "Iota", name = "Iota" },
  { id = "IotaSystem", name = "IotaSystem" },
  { id = "MoveStdlib", name = "MoveStdlib" },
  { id = "Stardust", name = "Stardust" },
]

[[move.package]]
id = "MoveStdlib"
source = { git = "https://github.com/iotaledger/iota.git", rev = "79428efeb99e1bb60880a970a88d90621cb2ccff", subdir = "crates/iota-framework/packages/move-stdlib" }

[[move.package]]
id = "MsglibPtbBuilderCallTypes"
source = { local = "../../../ptb-builders/msglib-ptb-builders/msglib-ptb-builder-call-types" }

dependencies = [
  { id = "Iota", name = "Iota" },
  { id = "IotaSystem", name = "IotaSystem" },
  { id = "MoveStdlib", name = "MoveStdlib" },
  { id = "PtbMoveCall", name = "PtbMoveCall" },
  { id = "Stardust", name = "Stardust" },
]

[[move.package]]
id = "MultiCall"
source = { local = "../../../dynamic-call/multi-call" }

dependencies = [
  { id = "Call", name = "Call" },
  { id = "Iota", name = "Iota" },
  { id = "IotaSystem", name = "IotaSystem" },
  { id = "MoveStdlib", name = "MoveStdlib" },
  { id = "Stardust", name = "Stardust" },
]

[[move.package]]
id = "PtbMoveCall"
source = { local = "../../../ptb-builders/ptb-move-call" }

dependencies = [
  { id = "Iota", name = "Iota" },
  { id = "IotaSystem", name = "IotaSystem" },
  { id = "MoveStdlib", name = "MoveStdlib" },
  { id = "Stardust", name = "Stardust" },
  { id = "Utils", name = "Utils" },
]

[[move.package]]
id = "Stardust"
source = { git = "https://github.com/iotaledger/iota.git", rev = "79428efeb99e1bb60880a970a88d90621cb2ccff", subdir = "crates/iota-framework/packages/stardust" }

dependencies = [
  { id = "Iota", name = "Iota" },
  { id = "MoveStdlib", name = "MoveStdlib" },
]

[[move.package]]
id = "UlnCommon"
source = { local = "../../../message-libs/uln-common" }

dependencies = [
  { id = "Iota", name = "Iota" },
  { id = "IotaSystem", name = "IotaSystem" },
  { id = "MoveStdlib", name = "MoveStdlib" },
  { id = "Stardust", name = "Stardust" },
  { id = "Utils", name = "Utils" },
]

[[move.package]]
id = "Utils"
source = { local = "../../../utils" }

dependencies = [
  { id = "Iota", name = "Iota" },
  { id = "IotaSystem", name = "IotaSystem" },
  { id = "MoveStdlib", name = "MoveStdlib" },
  { id = "Stardust", name = "Stardust" },
]

[[move.package]]
id = "WorkerCommon"
source = { local = "../../worker-common" }

dependencies = [
  { id = "Call", name = "Call" },
  { id = "Iota", name = "Iota" },
  { id = "IotaSystem", name = "IotaSystem" },
  { id = "MoveStdlib", name = "MoveStdlib" },
  { id = "Stardust", name = "Stardust" },
]

[[move.package]]
id = "WorkerRegistry"
source = { local = "../../worker-registry" }

dependencies = [
  { id = "Call", name = "Call" },
  { id = "Iota", name = "Iota" },
  { id = "IotaSystem", name = "IotaSystem" },
  { id = "MoveStdlib", name = "MoveStdlib" },
  { id = "Stardust", name = "Stardust" },
]

[[move.package]]
id = "Zro"
source = { local = "../../../zro" }

dependencies = [
  { id = "Iota", name = "Iota" },
  { id = "IotaSystem", name = "IotaSystem" },
  { id = "MoveStdlib", name = "MoveStdlib" },
  { id = "Stardust", name = "Stardust" },
]

[move.toolchain-version]
compiler-version = "1.9.2"
edition = "2024.beta"
flavor = "iota"

[env]
[env.testnet]
chain-id = "2304aa97"
original-published-id = "0x8a3a8ef1789a0863a5eef1a3c1eb777d188a74f34850589c57d2245837e424fd"
latest-published-id = "0x8a3a8ef1789a0863a5eef1a3c1eb777d188a74f34850589c57d2245837e424fd"
published-version = "1"

[env.mainnet]
chain-id = "6364aad5"
original-published-id = "0xa560697328ccb5dc3f3f8e8a2c41e282827060da7a29971d933e9aa405c2ba7f"
latest-published-id = "0xa560697328ccb5dc3f3f8e8a2c41e282827060da7a29971d933e9aa405c2ba7f"
published-version = "1"
