[move]
version = 3
manifest_digest = "3C8FE2FEA1F5D4189738BFD33401745675947B004962CE4EBA44201505ECA2C5"
deps_digest = "F9B494B64F0615AED0E98FC12A85B85ECD2BC5185C22D30E7F67786BB52E507C"
dependencies= [
  { id = "Iota", name = "Iota" },
  { id = "IotaSystem", name = "IotaSystem" },
  { id = "MoveStdlib", name = "MoveStdlib" },
  { id = "Stardust", name = "Stardust" },
]

[[move.package]]
id = "Iota"
source = { git = "https://github.com/iotaledger/iota.git", rev = "79428efeb99e1bb60880a970a88d90621cb2ccff", subdir = "crates/iota-framework/packages/iota-framework" }

dependencies = [
  { id = "MoveStdlib", name = "MoveStdlib" },
]

[[move.package]]
id = "IotaSystem"
source = { git = "https://github.com/iotaledger/iota.git", rev = "79428efeb99e1bb60880a970a88d90621cb2ccff", subdir = "crates/iota-framework/packages/iota-system" }

dependencies = [
  { id = "Iota", name = "Iota" },
  { id = "MoveStdlib", name = "MoveStdlib" },
]

[[move.package]]
id = "MoveStdlib"
source = { git = "https://github.com/iotaledger/iota.git", rev = "79428efeb99e1bb60880a970a88d90621cb2ccff", subdir = "crates/iota-framework/packages/move-stdlib" }

[[move.package]]
id = "Stardust"
source = { git = "https://github.com/iotaledger/iota.git", rev = "79428efeb99e1bb60880a970a88d90621cb2ccff", subdir = "crates/iota-framework/packages/stardust" }

dependencies = [
  { id = "Iota", name = "Iota" },
  { id = "MoveStdlib", name = "MoveStdlib" },
]

[move.toolchain-version]
compiler-version = "1.9.2"
edition = "2024.beta"
flavor = "iota"

[env]
[env.testnet]
chain-id = "2304aa97"
original-published-id = "0x67b8f0f6b71ac3f016979a775487e2ba99af124f6f3142ae3df1cc3e4da3b3fe"
latest-published-id = "0x67b8f0f6b71ac3f016979a775487e2ba99af124f6f3142ae3df1cc3e4da3b3fe"
published-version = "1"

[env.mainnet]
chain-id = "6364aad5"
original-published-id = "0x3a153fb1e8d8bcc6784789e4ae6ff252192a223ceb556af548103a230c1a39bd"
latest-published-id = "0x3a153fb1e8d8bcc6784789e4ae6ff252192a223ceb556af548103a230c1a39bd"
published-version = "1"
