[move]
version = 3
manifest_digest = "A64F3899FE427A14238BBFA800D3175603395A5E5EDE3B286225EBCF89F25992"
deps_digest = "04732BFEF428F74DE262001DC455D76B909EBC394B034A9A15CC095E4BDD9CEF"

[[move.dependencies]]
id = "Bridge"
name = "Bridge"

[[move.dependencies]]
id = "Dvn"
name = "Dvn"

[[move.dependencies]]
id = "DvnFeeLib"
name = "DvnFeeLib"

[[move.dependencies]]
id = "MoveStdlib"
name = "MoveStdlib"

[[move.dependencies]]
id = "PriceFeed"
name = "PriceFeed"

[[move.dependencies]]
id = "Sui"
name = "Sui"

[[move.dependencies]]
id = "SuiSystem"
name = "SuiSystem"

[[move.dependencies]]
id = "Uln302PtbBuilder"
name = "Uln302PtbBuilder"

[[move.package]]
id = "Bridge"

[move.package.source]
git = "https://github.com/MystenLabs/sui.git"
rev = "db951a5ea6b125f6253a6b7f436ddba46eb0feb3"
subdir = "crates/sui-framework/packages/bridge"

[[move.package.dependencies]]
id = "MoveStdlib"
name = "MoveStdlib"

[[move.package.dependencies]]
id = "Sui"
name = "Sui"

[[move.package.dependencies]]
id = "SuiSystem"
name = "SuiSystem"

[[move.package]]
id = "Call"

[move.package.source]
local = "../../../dynamic-call/call"

[[move.package.dependencies]]
id = "Bridge"
name = "Bridge"

[[move.package.dependencies]]
id = "MoveStdlib"
name = "MoveStdlib"

[[move.package.dependencies]]
id = "Sui"
name = "Sui"

[[move.package.dependencies]]
id = "SuiSystem"
name = "SuiSystem"

[[move.package.dependencies]]
id = "Utils"
name = "Utils"

[[move.package]]
id = "Dvn"

[move.package.source]
local = "../../../workers/dvns/dvn"

[[move.package.dependencies]]
id = "Bridge"
name = "Bridge"

[[move.package.dependencies]]
id = "DvnCallType"
name = "DvnCallType"

[[move.package.dependencies]]
id = "MessageLibCommon"
name = "MessageLibCommon"

[[move.package.dependencies]]
id = "MoveStdlib"
name = "MoveStdlib"

[[move.package.dependencies]]
id = "MsglibPtbBuilderCallTypes"
name = "MsglibPtbBuilderCallTypes"

[[move.package.dependencies]]
id = "MultiCall"
name = "MultiCall"

[[move.package.dependencies]]
id = "Sui"
name = "Sui"

[[move.package.dependencies]]
id = "SuiSystem"
name = "SuiSystem"

[[move.package.dependencies]]
id = "UlnCommon"
name = "UlnCommon"

[[move.package.dependencies]]
id = "WorkerCommon"
name = "WorkerCommon"

[[move.package.dependencies]]
id = "WorkerRegistry"
name = "WorkerRegistry"

[[move.package]]
id = "DvnCallType"

[move.package.source]
local = "../../../workers/dvns/dvn-call-type"

[[move.package.dependencies]]
id = "Bridge"
name = "Bridge"

[[move.package.dependencies]]
id = "MoveStdlib"
name = "MoveStdlib"

[[move.package.dependencies]]
id = "Sui"
name = "Sui"

[[move.package.dependencies]]
id = "SuiSystem"
name = "SuiSystem"

[[move.package]]
id = "DvnFeeLib"

[move.package.source]
local = "../../../workers/dvns/dvn-fee-lib"

[[move.package.dependencies]]
id = "Bridge"
name = "Bridge"

[[move.package.dependencies]]
id = "DvnCallType"
name = "DvnCallType"

[[move.package.dependencies]]
id = "MoveStdlib"
name = "MoveStdlib"

[[move.package.dependencies]]
id = "PriceFeedCallTypes"
name = "PriceFeedCallTypes"

[[move.package.dependencies]]
id = "Sui"
name = "Sui"

[[move.package.dependencies]]
id = "SuiSystem"
name = "SuiSystem"

[[move.package.dependencies]]
id = "WorkerCommon"
name = "WorkerCommon"

[[move.package]]
id = "EndpointPtbBuilder"

[move.package.source]
local = "../../../ptb-builders/endpoint-ptb-builder"

[[move.package.dependencies]]
id = "Bridge"
name = "Bridge"

[[move.package.dependencies]]
id = "EndpointV2"
name = "EndpointV2"

[[move.package.dependencies]]
id = "MoveStdlib"
name = "MoveStdlib"

[[move.package.dependencies]]
id = "PtbMoveCall"
name = "PtbMoveCall"

[[move.package.dependencies]]
id = "Sui"
name = "Sui"

[[move.package.dependencies]]
id = "SuiSystem"
name = "SuiSystem"

[[move.package]]
id = "EndpointV2"

[move.package.source]
local = "../../../endpoint-v2"

[[move.package.dependencies]]
id = "Bridge"
name = "Bridge"

[[move.package.dependencies]]
id = "Call"
name = "Call"

[[move.package.dependencies]]
id = "MoveStdlib"
name = "MoveStdlib"

[[move.package.dependencies]]
id = "Sui"
name = "Sui"

[[move.package.dependencies]]
id = "SuiSystem"
name = "SuiSystem"

[[move.package.dependencies]]
id = "Utils"
name = "Utils"

[[move.package.dependencies]]
id = "Zro"
name = "Zro"

[[move.package]]
id = "MessageLibCommon"

[move.package.source]
local = "../../../message-libs/message-lib-common"

[[move.package.dependencies]]
id = "Bridge"
name = "Bridge"

[[move.package.dependencies]]
id = "EndpointV2"
name = "EndpointV2"

[[move.package.dependencies]]
id = "MoveStdlib"
name = "MoveStdlib"

[[move.package.dependencies]]
id = "Sui"
name = "Sui"

[[move.package.dependencies]]
id = "SuiSystem"
name = "SuiSystem"

[[move.package]]
id = "MoveStdlib"

[move.package.source]
git = "https://github.com/MystenLabs/sui.git"
rev = "db951a5ea6b125f6253a6b7f436ddba46eb0feb3"
subdir = "crates/sui-framework/packages/move-stdlib"

[[move.package]]
id = "MsglibPtbBuilderCallTypes"

[move.package.source]
local = "../../../ptb-builders/msglib-ptb-builders/msglib-ptb-builder-call-types"

[[move.package.dependencies]]
id = "Bridge"
name = "Bridge"

[[move.package.dependencies]]
id = "MoveStdlib"
name = "MoveStdlib"

[[move.package.dependencies]]
id = "PtbMoveCall"
name = "PtbMoveCall"

[[move.package.dependencies]]
id = "Sui"
name = "Sui"

[[move.package.dependencies]]
id = "SuiSystem"
name = "SuiSystem"

[[move.package]]
id = "MultiCall"

[move.package.source]
local = "../../../dynamic-call/multi-call"

[[move.package.dependencies]]
id = "Bridge"
name = "Bridge"

[[move.package.dependencies]]
id = "Call"
name = "Call"

[[move.package.dependencies]]
id = "MoveStdlib"
name = "MoveStdlib"

[[move.package.dependencies]]
id = "Sui"
name = "Sui"

[[move.package.dependencies]]
id = "SuiSystem"
name = "SuiSystem"

[[move.package]]
id = "PriceFeed"

[move.package.source]
local = "../../../workers/price-feed"

[[move.package.dependencies]]
id = "Bridge"
name = "Bridge"

[[move.package.dependencies]]
id = "Call"
name = "Call"

[[move.package.dependencies]]
id = "MoveStdlib"
name = "MoveStdlib"

[[move.package.dependencies]]
id = "PriceFeedCallTypes"
name = "PriceFeedCallTypes"

[[move.package.dependencies]]
id = "Sui"
name = "Sui"

[[move.package.dependencies]]
id = "SuiSystem"
name = "SuiSystem"

[[move.package]]
id = "PriceFeedCallTypes"

[move.package.source]
local = "../../../workers/price-feed-call-types"

[[move.package.dependencies]]
id = "Bridge"
name = "Bridge"

[[move.package.dependencies]]
id = "MoveStdlib"
name = "MoveStdlib"

[[move.package.dependencies]]
id = "Sui"
name = "Sui"

[[move.package.dependencies]]
id = "SuiSystem"
name = "SuiSystem"

[[move.package]]
id = "PtbMoveCall"

[move.package.source]
local = "../../../ptb-builders/ptb-move-call"

[[move.package.dependencies]]
id = "Bridge"
name = "Bridge"

[[move.package.dependencies]]
id = "MoveStdlib"
name = "MoveStdlib"

[[move.package.dependencies]]
id = "Sui"
name = "Sui"

[[move.package.dependencies]]
id = "SuiSystem"
name = "SuiSystem"

[[move.package.dependencies]]
id = "Utils"
name = "Utils"

[[move.package]]
id = "Sui"

[move.package.source]
git = "https://github.com/MystenLabs/sui.git"
rev = "db951a5ea6b125f6253a6b7f436ddba46eb0feb3"
subdir = "crates/sui-framework/packages/sui-framework"

[[move.package.dependencies]]
id = "MoveStdlib"
name = "MoveStdlib"

[[move.package]]
id = "SuiSystem"

[move.package.source]
git = "https://github.com/MystenLabs/sui.git"
rev = "db951a5ea6b125f6253a6b7f436ddba46eb0feb3"
subdir = "crates/sui-framework/packages/sui-system"

[[move.package.dependencies]]
id = "MoveStdlib"
name = "MoveStdlib"

[[move.package.dependencies]]
id = "Sui"
name = "Sui"

[[move.package]]
id = "Treasury"

[move.package.source]
local = "../../../message-libs/treasury"

[[move.package.dependencies]]
id = "Bridge"
name = "Bridge"

[[move.package.dependencies]]
id = "MoveStdlib"
name = "MoveStdlib"

[[move.package.dependencies]]
id = "Sui"
name = "Sui"

[[move.package.dependencies]]
id = "SuiSystem"
name = "SuiSystem"

[[move.package]]
id = "Uln302"

[move.package.source]
local = "../../../message-libs/uln-302"

[[move.package.dependencies]]
id = "Bridge"
name = "Bridge"

[[move.package.dependencies]]
id = "MessageLibCommon"
name = "MessageLibCommon"

[[move.package.dependencies]]
id = "MoveStdlib"
name = "MoveStdlib"

[[move.package.dependencies]]
id = "MultiCall"
name = "MultiCall"

[[move.package.dependencies]]
id = "Sui"
name = "Sui"

[[move.package.dependencies]]
id = "SuiSystem"
name = "SuiSystem"

[[move.package.dependencies]]
id = "Treasury"
name = "Treasury"

[[move.package.dependencies]]
id = "UlnCommon"
name = "UlnCommon"

[[move.package]]
id = "Uln302PtbBuilder"

[move.package.source]
local = "../../../ptb-builders/msglib-ptb-builders/uln-302-ptb-builder"

[[move.package.dependencies]]
id = "Bridge"
name = "Bridge"

[[move.package.dependencies]]
id = "EndpointPtbBuilder"
name = "EndpointPtbBuilder"

[[move.package.dependencies]]
id = "MoveStdlib"
name = "MoveStdlib"

[[move.package.dependencies]]
id = "MsglibPtbBuilderCallTypes"
name = "MsglibPtbBuilderCallTypes"

[[move.package.dependencies]]
id = "Sui"
name = "Sui"

[[move.package.dependencies]]
id = "SuiSystem"
name = "SuiSystem"

[[move.package.dependencies]]
id = "Uln302"
name = "Uln302"

[[move.package]]
id = "UlnCommon"

[move.package.source]
local = "../../../message-libs/uln-common"

[[move.package.dependencies]]
id = "Bridge"
name = "Bridge"

[[move.package.dependencies]]
id = "MoveStdlib"
name = "MoveStdlib"

[[move.package.dependencies]]
id = "Sui"
name = "Sui"

[[move.package.dependencies]]
id = "SuiSystem"
name = "SuiSystem"

[[move.package.dependencies]]
id = "Utils"
name = "Utils"

[[move.package]]
id = "Utils"

[move.package.source]
local = "../../../utils"

[[move.package.dependencies]]
id = "Bridge"
name = "Bridge"

[[move.package.dependencies]]
id = "MoveStdlib"
name = "MoveStdlib"

[[move.package.dependencies]]
id = "Sui"
name = "Sui"

[[move.package.dependencies]]
id = "SuiSystem"
name = "SuiSystem"

[[move.package]]
id = "WorkerCommon"

[move.package.source]
local = "../../../workers/worker-common"

[[move.package.dependencies]]
id = "Bridge"
name = "Bridge"

[[move.package.dependencies]]
id = "Call"
name = "Call"

[[move.package.dependencies]]
id = "MoveStdlib"
name = "MoveStdlib"

[[move.package.dependencies]]
id = "Sui"
name = "Sui"

[[move.package.dependencies]]
id = "SuiSystem"
name = "SuiSystem"

[[move.package]]
id = "WorkerRegistry"

[move.package.source]
local = "../../../workers/worker-registry"

[[move.package.dependencies]]
id = "Bridge"
name = "Bridge"

[[move.package.dependencies]]
id = "Call"
name = "Call"

[[move.package.dependencies]]
id = "MoveStdlib"
name = "MoveStdlib"

[[move.package.dependencies]]
id = "Sui"
name = "Sui"

[[move.package.dependencies]]
id = "SuiSystem"
name = "SuiSystem"

[[move.package]]
id = "Zro"

[move.package.source]
local = "../../../zro"

[[move.package.dependencies]]
id = "Bridge"
name = "Bridge"

[[move.package.dependencies]]
id = "MoveStdlib"
name = "MoveStdlib"

[[move.package.dependencies]]
id = "Sui"
name = "Sui"

[[move.package.dependencies]]
id = "SuiSystem"
name = "SuiSystem"

[move.toolchain-version]
compiler-version = "1.54.1"
edition = "2024.beta"
flavor = "sui"

[env]
[env.testnet]
chain-id = "4c78adac"
original-published-id = "0xf21c983443a76cf3fb83bc76cae25ca35e4d1b20471b52a666ac5dac95d17a37"
latest-published-id = "0xf21c983443a76cf3fb83bc76cae25ca35e4d1b20471b52a666ac5dac95d17a37"
published-version = "1"

[env.mainnet]
chain-id = "35834a8a"
original-published-id = "0x88837c16e68cf3c83396c3c2173adbc816fa460b2138396f2bb1c27cf2270d7d"
latest-published-id = "0x88837c16e68cf3c83396c3c2173adbc816fa460b2138396f2bb1c27cf2270d7d"
published-version = "1"
