[move]
version = 3
manifest_digest = "016E6B244A98219735DDB8955045978510555C8100C56620A60793B7C3EFD8DC"
deps_digest = "397E6A9F7A624706DBDFEE056CE88391A15876868FD18A88504DA74EB458D697"

[[move.dependencies]]
id = "Bridge"
name = "Bridge"

[[move.dependencies]]
id = "Dvn"
name = "Dvn"

[[move.dependencies]]
id = "MoveStdlib"
name = "MoveStdlib"

[[move.dependencies]]
id = "Sui"
name = "Sui"

[[move.dependencies]]
id = "SuiSystem"
name = "SuiSystem"

[[move.package]]
id = "Bridge"

[move.package.source]
git = "https://github.com/MystenLabs/sui.git"
rev = "db951a5ea6b125f6253a6b7f436ddba46eb0feb3"
subdir = "crates/sui-framework/packages/bridge"

[[move.package.dependencies]]
id = "MoveStdlib"
name = "MoveStdlib"

[[move.package.dependencies]]
id = "Sui"
name = "Sui"

[[move.package.dependencies]]
id = "SuiSystem"
name = "SuiSystem"

[[move.package]]
id = "Call"

[move.package.source]
local = "../../../dynamic-call/call"

[[move.package.dependencies]]
id = "Bridge"
name = "Bridge"

[[move.package.dependencies]]
id = "MoveStdlib"
name = "MoveStdlib"

[[move.package.dependencies]]
id = "Sui"
name = "Sui"

[[move.package.dependencies]]
id = "SuiSystem"
name = "SuiSystem"

[[move.package.dependencies]]
id = "Utils"
name = "Utils"

[[move.package]]
id = "Dvn"

[move.package.source]
local = "../dvn"

[[move.package.dependencies]]
id = "Bridge"
name = "Bridge"

[[move.package.dependencies]]
id = "DvnCallType"
name = "DvnCallType"

[[move.package.dependencies]]
id = "MessageLibCommon"
name = "MessageLibCommon"

[[move.package.dependencies]]
id = "MoveStdlib"
name = "MoveStdlib"

[[move.package.dependencies]]
id = "MsglibPtbBuilderCallTypes"
name = "MsglibPtbBuilderCallTypes"

[[move.package.dependencies]]
id = "MultiCall"
name = "MultiCall"

[[move.package.dependencies]]
id = "Sui"
name = "Sui"

[[move.package.dependencies]]
id = "SuiSystem"
name = "SuiSystem"

[[move.package.dependencies]]
id = "UlnCommon"
name = "UlnCommon"

[[move.package.dependencies]]
id = "WorkerCommon"
name = "WorkerCommon"

[[move.package.dependencies]]
id = "WorkerRegistry"
name = "WorkerRegistry"

[[move.package]]
id = "DvnCallType"

[move.package.source]
local = "../dvn-call-type"

[[move.package.dependencies]]
id = "Bridge"
name = "Bridge"

[[move.package.dependencies]]
id = "MoveStdlib"
name = "MoveStdlib"

[[move.package.dependencies]]
id = "Sui"
name = "Sui"

[[move.package.dependencies]]
id = "SuiSystem"
name = "SuiSystem"

[[move.package]]
id = "EndpointV2"

[move.package.source]
local = "../../../endpoint-v2"

[[move.package.dependencies]]
id = "Bridge"
name = "Bridge"

[[move.package.dependencies]]
id = "Call"
name = "Call"

[[move.package.dependencies]]
id = "MoveStdlib"
name = "MoveStdlib"

[[move.package.dependencies]]
id = "Sui"
name = "Sui"

[[move.package.dependencies]]
id = "SuiSystem"
name = "SuiSystem"

[[move.package.dependencies]]
id = "Utils"
name = "Utils"

[[move.package.dependencies]]
id = "Zro"
name = "Zro"

[[move.package]]
id = "MessageLibCommon"

[move.package.source]
local = "../../../message-libs/message-lib-common"

[[move.package.dependencies]]
id = "Bridge"
name = "Bridge"

[[move.package.dependencies]]
id = "EndpointV2"
name = "EndpointV2"

[[move.package.dependencies]]
id = "MoveStdlib"
name = "MoveStdlib"

[[move.package.dependencies]]
id = "Sui"
name = "Sui"

[[move.package.dependencies]]
id = "SuiSystem"
name = "SuiSystem"

[[move.package]]
id = "MoveStdlib"

[move.package.source]
git = "https://github.com/MystenLabs/sui.git"
rev = "db951a5ea6b125f6253a6b7f436ddba46eb0feb3"
subdir = "crates/sui-framework/packages/move-stdlib"

[[move.package]]
id = "MsglibPtbBuilderCallTypes"

[move.package.source]
local = "../../../ptb-builders/msglib-ptb-builders/msglib-ptb-builder-call-types"

[[move.package.dependencies]]
id = "Bridge"
name = "Bridge"

[[move.package.dependencies]]
id = "MoveStdlib"
name = "MoveStdlib"

[[move.package.dependencies]]
id = "PtbMoveCall"
name = "PtbMoveCall"

[[move.package.dependencies]]
id = "Sui"
name = "Sui"

[[move.package.dependencies]]
id = "SuiSystem"
name = "SuiSystem"

[[move.package]]
id = "MultiCall"

[move.package.source]
local = "../../../dynamic-call/multi-call"

[[move.package.dependencies]]
id = "Bridge"
name = "Bridge"

[[move.package.dependencies]]
id = "Call"
name = "Call"

[[move.package.dependencies]]
id = "MoveStdlib"
name = "MoveStdlib"

[[move.package.dependencies]]
id = "Sui"
name = "Sui"

[[move.package.dependencies]]
id = "SuiSystem"
name = "SuiSystem"

[[move.package]]
id = "PtbMoveCall"

[move.package.source]
local = "../../../ptb-builders/ptb-move-call"

[[move.package.dependencies]]
id = "Bridge"
name = "Bridge"

[[move.package.dependencies]]
id = "MoveStdlib"
name = "MoveStdlib"

[[move.package.dependencies]]
id = "Sui"
name = "Sui"

[[move.package.dependencies]]
id = "SuiSystem"
name = "SuiSystem"

[[move.package.dependencies]]
id = "Utils"
name = "Utils"

[[move.package]]
id = "Sui"

[move.package.source]
git = "https://github.com/MystenLabs/sui.git"
rev = "db951a5ea6b125f6253a6b7f436ddba46eb0feb3"
subdir = "crates/sui-framework/packages/sui-framework"

[[move.package.dependencies]]
id = "MoveStdlib"
name = "MoveStdlib"

[[move.package]]
id = "SuiSystem"

[move.package.source]
git = "https://github.com/MystenLabs/sui.git"
rev = "db951a5ea6b125f6253a6b7f436ddba46eb0feb3"
subdir = "crates/sui-framework/packages/sui-system"

[[move.package.dependencies]]
id = "MoveStdlib"
name = "MoveStdlib"

[[move.package.dependencies]]
id = "Sui"
name = "Sui"

[[move.package]]
id = "UlnCommon"

[move.package.source]
local = "../../../message-libs/uln-common"

[[move.package.dependencies]]
id = "Bridge"
name = "Bridge"

[[move.package.dependencies]]
id = "MoveStdlib"
name = "MoveStdlib"

[[move.package.dependencies]]
id = "Sui"
name = "Sui"

[[move.package.dependencies]]
id = "SuiSystem"
name = "SuiSystem"

[[move.package.dependencies]]
id = "Utils"
name = "Utils"

[[move.package]]
id = "Utils"

[move.package.source]
local = "../../../utils"

[[move.package.dependencies]]
id = "Bridge"
name = "Bridge"

[[move.package.dependencies]]
id = "MoveStdlib"
name = "MoveStdlib"

[[move.package.dependencies]]
id = "Sui"
name = "Sui"

[[move.package.dependencies]]
id = "SuiSystem"
name = "SuiSystem"

[[move.package]]
id = "WorkerCommon"

[move.package.source]
local = "../../worker-common"

[[move.package.dependencies]]
id = "Bridge"
name = "Bridge"

[[move.package.dependencies]]
id = "Call"
name = "Call"

[[move.package.dependencies]]
id = "MoveStdlib"
name = "MoveStdlib"

[[move.package.dependencies]]
id = "Sui"
name = "Sui"

[[move.package.dependencies]]
id = "SuiSystem"
name = "SuiSystem"

[[move.package]]
id = "WorkerRegistry"

[move.package.source]
local = "../../worker-registry"

[[move.package.dependencies]]
id = "Bridge"
name = "Bridge"

[[move.package.dependencies]]
id = "Call"
name = "Call"

[[move.package.dependencies]]
id = "MoveStdlib"
name = "MoveStdlib"

[[move.package.dependencies]]
id = "Sui"
name = "Sui"

[[move.package.dependencies]]
id = "SuiSystem"
name = "SuiSystem"

[[move.package]]
id = "Zro"

[move.package.source]
local = "../../../zro"

[[move.package.dependencies]]
id = "Bridge"
name = "Bridge"

[[move.package.dependencies]]
id = "MoveStdlib"
name = "MoveStdlib"

[[move.package.dependencies]]
id = "Sui"
name = "Sui"

[[move.package.dependencies]]
id = "SuiSystem"
name = "SuiSystem"

[move.toolchain-version]
compiler-version = "1.54.1"
edition = "2024.beta"
flavor = "sui"

[env]
[env.testnet]
chain-id = "4c78adac"
original-published-id = "0x1356fef0c7325536e289e53cc545219cbfbd1490ed762c8d8efb97efa6cfb856"
latest-published-id = "0x1356fef0c7325536e289e53cc545219cbfbd1490ed762c8d8efb97efa6cfb856"
published-version = "1"

[env.mainnet]
chain-id = "35834a8a"
original-published-id = "0x52aa129049de845353484868d1be6e2df6878b0ed2213d94d3c827309aeae685"
latest-published-id = "0x52aa129049de845353484868d1be6e2df6878b0ed2213d94d3c827309aeae685"
published-version = "1"
