[move]
version = 3
manifest_digest = "78B9C0A5FED265B6982AC3969ED8A1B796E2487930CF26ED81D34F39D08CCC85"
deps_digest = "397E6A9F7A624706DBDFEE056CE88391A15876868FD18A88504DA74EB458D697"
dependencies= [
  { id = "Bridge", name = "Bridge" },
  { id = "Call", name = "Call" },
  { id = "MoveStdlib", name = "MoveStdlib" },
  { id = "Sui", name = "Sui" },
  { id = "SuiSystem", name = "SuiSystem" },
]

[[move.package]]
id = "Bridge"
source = { git = "https://github.com/MystenLabs/sui.git", rev = "db951a5ea6b125f6253a6b7f436ddba46eb0feb3", subdir = "crates/sui-framework/packages/bridge" }

dependencies = [
  { id = "MoveStdlib", name = "MoveStdlib" },
  { id = "Sui", name = "Sui" },
  { id = "SuiSystem", name = "SuiSystem" },
]

[[move.package]]
id = "Call"
source = { local = "../../dynamic-call/call" }

dependencies = [
  { id = "Bridge", name = "Bridge" },
  { id = "MoveStdlib", name = "MoveStdlib" },
  { id = "Sui", name = "Sui" },
  { id = "SuiSystem", name = "SuiSystem" },
  { id = "Utils", name = "Utils" },
]

[[move.package]]
id = "MoveStdlib"
source = { git = "https://github.com/MystenLabs/sui.git", rev = "db951a5ea6b125f6253a6b7f436ddba46eb0feb3", subdir = "crates/sui-framework/packages/move-stdlib" }

[[move.package]]
id = "Sui"
source = { git = "https://github.com/MystenLabs/sui.git", rev = "db951a5ea6b125f6253a6b7f436ddba46eb0feb3", subdir = "crates/sui-framework/packages/sui-framework" }

dependencies = [
  { id = "MoveStdlib", name = "MoveStdlib" },
]

[[move.package]]
id = "SuiSystem"
source = { git = "https://github.com/MystenLabs/sui.git", rev = "db951a5ea6b125f6253a6b7f436ddba46eb0feb3", subdir = "crates/sui-framework/packages/sui-system" }

dependencies = [
  { id = "MoveStdlib", name = "MoveStdlib" },
  { id = "Sui", name = "Sui" },
]

[[move.package]]
id = "Utils"
source = { local = "../../utils" }

dependencies = [
  { id = "Bridge", name = "Bridge" },
  { id = "MoveStdlib", name = "MoveStdlib" },
  { id = "Sui", name = "Sui" },
  { id = "SuiSystem", name = "SuiSystem" },
]

[move.toolchain-version]
compiler-version = "1.54.1"
edition = "2024.beta"
flavor = "sui"

[env]
[env.testnet]
chain-id = "4c78adac"
original-published-id = "0x042cf30d4fb29582cfba5ab0acae2f24ad04e46ef6fcbdec7ecf8273fb46bb24"
latest-published-id = "0x042cf30d4fb29582cfba5ab0acae2f24ad04e46ef6fcbdec7ecf8273fb46bb24"
published-version = "1"

[env.mainnet]
chain-id = "35834a8a"
original-published-id = "0xb8d08d3a9604c51ec6ad8ee39a05e9c3fed1335df755089f1d3f0e093b9a4ec8"
latest-published-id = "0xb8d08d3a9604c51ec6ad8ee39a05e9c3fed1335df755089f1d3f0e093b9a4ec8"
published-version = "1"
