[move]
version = 3
manifest_digest = "0A7B7FC3E12C3528F1458C3FE956564B730EE829B529DAF1EE499D4C63D0F889"
deps_digest = "397E6A9F7A624706DBDFEE056CE88391A15876868FD18A88504DA74EB458D697"

[[move.dependencies]]
id = "Call"
name = "Call"

[[move.dependencies]]
id = "Iota"
name = "Iota"

[[move.dependencies]]
id = "IotaSystem"
name = "IotaSystem"

[[move.dependencies]]
id = "MoveStdlib"
name = "MoveStdlib"

[[move.dependencies]]
id = "Stardust"
name = "Stardust"

[[move.package]]
id = "Call"

[move.package.source]
local = "../call"

[[move.package.dependencies]]
id = "Iota"
name = "Iota"

[[move.package.dependencies]]
id = "IotaSystem"
name = "IotaSystem"

[[move.package.dependencies]]
id = "MoveStdlib"
name = "MoveStdlib"

[[move.package.dependencies]]
id = "Stardust"
name = "Stardust"

[[move.package.dependencies]]
id = "Utils"
name = "Utils"

[[move.package]]
id = "Iota"

[move.package.source]
git = "https://github.com/iotaledger/iota.git"
rev = "bc1cbaf1049b94dde6f0b0cb9af89547132194c3"
subdir = "crates/iota-framework/packages/iota-framework"

[[move.package.dependencies]]
id = "MoveStdlib"
name = "MoveStdlib"

[[move.package]]
id = "IotaSystem"

[move.package.source]
git = "https://github.com/iotaledger/iota.git"
rev = "bc1cbaf1049b94dde6f0b0cb9af89547132194c3"
subdir = "crates/iota-framework/packages/iota-system"

[[move.package.dependencies]]
id = "Iota"
name = "Iota"

[[move.package.dependencies]]
id = "MoveStdlib"
name = "MoveStdlib"

[[move.package]]
id = "MoveStdlib"

[move.package.source]
git = "https://github.com/iotaledger/iota.git"
rev = "bc1cbaf1049b94dde6f0b0cb9af89547132194c3"
subdir = "crates/iota-framework/packages/move-stdlib"

[[move.package]]
id = "Stardust"

[move.package.source]
git = "https://github.com/iotaledger/iota.git"
rev = "bc1cbaf1049b94dde6f0b0cb9af89547132194c3"
subdir = "crates/iota-framework/packages/stardust"

[[move.package.dependencies]]
id = "Iota"
name = "Iota"

[[move.package.dependencies]]
id = "MoveStdlib"
name = "MoveStdlib"

[[move.package]]
id = "Utils"

[move.package.source]
local = "../../utils"

[[move.package.dependencies]]
id = "Iota"
name = "Iota"

[[move.package.dependencies]]
id = "IotaSystem"
name = "IotaSystem"

[[move.package.dependencies]]
id = "MoveStdlib"
name = "MoveStdlib"

[[move.package.dependencies]]
id = "Stardust"
name = "Stardust"

[move.toolchain-version]
compiler-version = "1.9.2"
edition = "2024.beta"
flavor = "iota"

[env]
[env.testnet]
chain-id = "2304aa97"
original-published-id = "0x7bc2451b474ef51bb588183d633a18e53cd98f65821b7981474894a67e4e89da"
latest-published-id = "0x7bc2451b474ef51bb588183d633a18e53cd98f65821b7981474894a67e4e89da"
published-version = "1"

[env.mainnet]
chain-id = "6364aad5"
original-published-id = "0xadce7a667051fa4bf123c82ed581bd8a85bf306edbfcc3b23f81f3ad16d11639"
latest-published-id = "0xadce7a667051fa4bf123c82ed581bd8a85bf306edbfcc3b23f81f3ad16d11639"
published-version = "1"
