[move]
version = 3
manifest_digest = "9ACF5F286CB41F1E704C1C04E3CC0F88D6943D9968CA7DDE4E05A02C27EE9C09"
deps_digest = "52B406A7A21811BEF51751CF88DA0E76DAEFFEAC888D4F4060B1A72BBE7D8D35"
dependencies= [
  { id = "Bridge", name = "Bridge" },
  { id = "Call", name = "Call" },
  { id = "MoveStdlib", name = "MoveStdlib" },
  { id = "Sui", name = "Sui" },
  { id = "SuiSystem", name = "SuiSystem" },
  { id = "Utils", name = "Utils" },
]

[[move.package]]
id = "Bridge"
source = { git = "https://github.com/MystenLabs/sui.git", rev = "db951a5ea6b125f6253a6b7f436ddba46eb0feb3", subdir = "crates/sui-framework/packages/bridge" }

dependencies = [
  { id = "MoveStdlib", name = "MoveStdlib" },
  { id = "Sui", name = "Sui" },
  { id = "SuiSystem", name = "SuiSystem" },
]

[[move.package]]
id = "Call"
source = { git = "https://github.com/LayerZero-Labs/LayerZero-v2.git", rev = "main", subdir = "packages/layerzero-v2/sui/contracts/call" }

dependencies = [
  { id = "Bridge", name = "Bridge" },
  { id = "MoveStdlib", name = "MoveStdlib" },
  { id = "Sui", name = "Sui" },
  { id = "SuiSystem", name = "SuiSystem" },
  { id = "Utils", name = "Utils" },
]

[[move.package]]
id = "MoveStdlib"
source = { git = "https://github.com/MystenLabs/sui.git", rev = "db951a5ea6b125f6253a6b7f436ddba46eb0feb3", subdir = "crates/sui-framework/packages/move-stdlib" }

[[move.package]]
id = "Sui"
source = { git = "https://github.com/MystenLabs/sui.git", rev = "db951a5ea6b125f6253a6b7f436ddba46eb0feb3", subdir = "crates/sui-framework/packages/sui-framework" }

dependencies = [
  { id = "MoveStdlib", name = "MoveStdlib" },
]

[[move.package]]
id = "SuiSystem"
source = { git = "https://github.com/MystenLabs/sui.git", rev = "db951a5ea6b125f6253a6b7f436ddba46eb0feb3", subdir = "crates/sui-framework/packages/sui-system" }

dependencies = [
  { id = "MoveStdlib", name = "MoveStdlib" },
  { id = "Sui", name = "Sui" },
]

[[move.package]]
id = "Utils"
source = { git = "https://github.com/LayerZero-Labs/LayerZero-v2.git", rev = "main", subdir = "packages/layerzero-v2/sui/contracts/utils" }

dependencies = [
  { id = "Bridge", name = "Bridge" },
  { id = "MoveStdlib", name = "MoveStdlib" },
  { id = "Sui", name = "Sui" },
  { id = "SuiSystem", name = "SuiSystem" },
]

[move.toolchain-version]
compiler-version = "1.54.1"
edition = "2024.beta"
flavor = "sui"

[env]
[env.testnet]
chain-id = "4c78adac"
original-published-id = "0xbd1b4591ff06b36113c28ec2f5ce10151b6a2998699e3d8364ec9f77efe950c8"
latest-published-id = "0xbd1b4591ff06b36113c28ec2f5ce10151b6a2998699e3d8364ec9f77efe950c8"
published-version = "1"

[env.mainnet]
chain-id = "35834a8a"
original-published-id = "0x6b29b0abf9da88be53a9ea1dfab8f600930b9ab6961eee65d67c1eecdd8cb695"
latest-published-id = "0x6b29b0abf9da88be53a9ea1dfab8f600930b9ab6961eee65d67c1eecdd8cb695"
published-version = "1"
