[move]
version = 3
manifest_digest = "63737A970C2387C5A0C2DF1DAF6562283E397D9D0DA18FB104B7D148953D29BF"
deps_digest = "F9B494B64F0615AED0E98FC12A85B85ECD2BC5185C22D30E7F67786BB52E507C"
dependencies= [
  { id = "Iota", name = "Iota" },
  { id = "IotaSystem", name = "IotaSystem" },
  { id = "MoveStdlib", name = "MoveStdlib" },
  { id = "Stardust", name = "Stardust" },
]

[[move.package]]
id = "Iota"
source = { git = "https://github.com/iotaledger/iota.git", rev = "79428efeb99e1bb60880a970a88d90621cb2ccff", subdir = "crates/iota-framework/packages/iota-framework" }

dependencies = [
  { id = "MoveStdlib", name = "MoveStdlib" },
]

[[move.package]]
id = "IotaSystem"
source = { git = "https://github.com/iotaledger/iota.git", rev = "79428efeb99e1bb60880a970a88d90621cb2ccff", subdir = "crates/iota-framework/packages/iota-system" }

dependencies = [
  { id = "Iota", name = "Iota" },
  { id = "MoveStdlib", name = "MoveStdlib" },
]

[[move.package]]
id = "MoveStdlib"
source = { git = "https://github.com/iotaledger/iota.git", rev = "79428efeb99e1bb60880a970a88d90621cb2ccff", subdir = "crates/iota-framework/packages/move-stdlib" }

[[move.package]]
id = "Stardust"
source = { git = "https://github.com/iotaledger/iota.git", rev = "79428efeb99e1bb60880a970a88d90621cb2ccff", subdir = "crates/iota-framework/packages/stardust" }

dependencies = [
  { id = "Iota", name = "Iota" },
  { id = "MoveStdlib", name = "MoveStdlib" },
]

[move.toolchain-version]
compiler-version = "1.9.2"
edition = "2024.beta"
flavor = "iota"

[env]
[env.testnet]
chain-id = "2304aa97"
original-published-id = "0x379b562468eed5cf259a2f279527f92d231e52bb260c5169230b0a87f6a52c82"
latest-published-id = "0x379b562468eed5cf259a2f279527f92d231e52bb260c5169230b0a87f6a52c82"
published-version = "1"

[env.mainnet]
chain-id = "6364aad5"
original-published-id = "0x56a262afe5db9b34426f343160481290d010551ca15b427b1fb4b0010e3b69ed"
latest-published-id = "0x56a262afe5db9b34426f343160481290d010551ca15b427b1fb4b0010e3b69ed"
published-version = "1"
