[move]
version = 3
manifest_digest = "7C3C0B264F76D7D42C221EC789855CA9C438FBF3913DC207D735868622FBDAD0"
deps_digest = "04732BFEF428F74DE262001DC455D76B909EBC394B034A9A15CC095E4BDD9CEF"
dependencies= [
  { id = "Dvn", name = "Dvn" },
  { id = "DvnFeeLib", name = "DvnFeeLib" },
  { id = "Iota", name = "Iota" },
  { id = "IotaSystem", name = "IotaSystem" },
  { id = "MoveStdlib", name = "MoveStdlib" },
  { id = "PriceFeed", name = "PriceFeed" },
  { id = "Stardust", name = "Stardust" },
  { id = "Uln302PtbBuilder", name = "Uln302PtbBuilder" },
]

[[move.package]]
id = "Call"
source = { local = "../../../dynamic-call/call" }

dependencies = [
  { id = "Iota", name = "Iota" },
  { id = "IotaSystem", name = "IotaSystem" },
  { id = "MoveStdlib", name = "MoveStdlib" },
  { id = "Stardust", name = "Stardust" },
  { id = "Utils", name = "Utils" },
]

[[move.package]]
id = "Dvn"
source = { local = "../../../workers/dvns/dvn" }

dependencies = [
  { id = "DvnCallType", name = "DvnCallType" },
  { id = "Iota", name = "Iota" },
  { id = "IotaSystem", name = "IotaSystem" },
  { id = "MessageLibCommon", name = "MessageLibCommon" },
  { id = "MoveStdlib", name = "MoveStdlib" },
  { id = "MsglibPtbBuilderCallTypes", name = "MsglibPtbBuilderCallTypes" },
  { id = "MultiCall", name = "MultiCall" },
  { id = "Stardust", name = "Stardust" },
  { id = "UlnCommon", name = "UlnCommon" },
  { id = "WorkerCommon", name = "WorkerCommon" },
  { id = "WorkerRegistry", name = "WorkerRegistry" },
]

[[move.package]]
id = "DvnCallType"
source = { local = "../../../workers/dvns/dvn-call-type" }

dependencies = [
  { id = "Iota", name = "Iota" },
  { id = "IotaSystem", name = "IotaSystem" },
  { id = "MoveStdlib", name = "MoveStdlib" },
  { id = "Stardust", name = "Stardust" },
]

[[move.package]]
id = "DvnFeeLib"
source = { local = "../../../workers/dvns/dvn-fee-lib" }

dependencies = [
  { id = "DvnCallType", name = "DvnCallType" },
  { id = "Iota", name = "Iota" },
  { id = "IotaSystem", name = "IotaSystem" },
  { id = "MoveStdlib", name = "MoveStdlib" },
  { id = "PriceFeedCallTypes", name = "PriceFeedCallTypes" },
  { id = "Stardust", name = "Stardust" },
  { id = "WorkerCommon", name = "WorkerCommon" },
]

[[move.package]]
id = "EndpointPtbBuilder"
source = { local = "../../../ptb-builders/endpoint-ptb-builder" }

dependencies = [
  { id = "EndpointV2", name = "EndpointV2" },
  { id = "Iota", name = "Iota" },
  { id = "IotaSystem", name = "IotaSystem" },
  { id = "MoveStdlib", name = "MoveStdlib" },
  { id = "PtbMoveCall", name = "PtbMoveCall" },
  { id = "Stardust", name = "Stardust" },
]

[[move.package]]
id = "EndpointV2"
source = { local = "../../../endpoint-v2" }

dependencies = [
  { id = "Call", name = "Call" },
  { id = "Iota", name = "Iota" },
  { id = "IotaSystem", name = "IotaSystem" },
  { id = "MoveStdlib", name = "MoveStdlib" },
  { id = "Stardust", name = "Stardust" },
  { id = "Zro", name = "Zro" },
]

[[move.package]]
id = "Iota"
source = { git = "https://github.com/iotaledger/iota.git", rev = "79428efeb99e1bb60880a970a88d90621cb2ccff", subdir = "crates/iota-framework/packages/iota-framework" }

dependencies = [
  { id = "MoveStdlib", name = "MoveStdlib" },
]

[[move.package]]
id = "IotaSystem"
source = { git = "https://github.com/iotaledger/iota.git", rev = "79428efeb99e1bb60880a970a88d90621cb2ccff", subdir = "crates/iota-framework/packages/iota-system" }

dependencies = [
  { id = "Iota", name = "Iota" },
  { id = "MoveStdlib", name = "MoveStdlib" },
]

[[move.package]]
id = "MessageLibCommon"
source = { local = "../../../message-libs/message-lib-common" }

dependencies = [
  { id = "EndpointV2", name = "EndpointV2" },
  { id = "Iota", name = "Iota" },
  { id = "IotaSystem", name = "IotaSystem" },
  { id = "MoveStdlib", name = "MoveStdlib" },
  { id = "Stardust", name = "Stardust" },
]

[[move.package]]
id = "MoveStdlib"
source = { git = "https://github.com/iotaledger/iota.git", rev = "79428efeb99e1bb60880a970a88d90621cb2ccff", subdir = "crates/iota-framework/packages/move-stdlib" }

[[move.package]]
id = "MsglibPtbBuilderCallTypes"
source = { local = "../../../ptb-builders/msglib-ptb-builders/msglib-ptb-builder-call-types" }

dependencies = [
  { id = "Iota", name = "Iota" },
  { id = "IotaSystem", name = "IotaSystem" },
  { id = "MoveStdlib", name = "MoveStdlib" },
  { id = "PtbMoveCall", name = "PtbMoveCall" },
  { id = "Stardust", name = "Stardust" },
]

[[move.package]]
id = "MultiCall"
source = { local = "../../../dynamic-call/multi-call" }

dependencies = [
  { id = "Call", name = "Call" },
  { id = "Iota", name = "Iota" },
  { id = "IotaSystem", name = "IotaSystem" },
  { id = "MoveStdlib", name = "MoveStdlib" },
  { id = "Stardust", name = "Stardust" },
]

[[move.package]]
id = "PriceFeed"
source = { local = "../../../workers/price-feed" }

dependencies = [
  { id = "Call", name = "Call" },
  { id = "Iota", name = "Iota" },
  { id = "IotaSystem", name = "IotaSystem" },
  { id = "MoveStdlib", name = "MoveStdlib" },
  { id = "PriceFeedCallTypes", name = "PriceFeedCallTypes" },
  { id = "Stardust", name = "Stardust" },
]

[[move.package]]
id = "PriceFeedCallTypes"
source = { local = "../../../workers/price-feed-call-types" }

dependencies = [
  { id = "Iota", name = "Iota" },
  { id = "IotaSystem", name = "IotaSystem" },
  { id = "MoveStdlib", name = "MoveStdlib" },
  { id = "Stardust", name = "Stardust" },
]

[[move.package]]
id = "PtbMoveCall"
source = { local = "../../../ptb-builders/ptb-move-call" }

dependencies = [
  { id = "Iota", name = "Iota" },
  { id = "IotaSystem", name = "IotaSystem" },
  { id = "MoveStdlib", name = "MoveStdlib" },
  { id = "Stardust", name = "Stardust" },
  { id = "Utils", name = "Utils" },
]

[[move.package]]
id = "Stardust"
source = { git = "https://github.com/iotaledger/iota.git", rev = "79428efeb99e1bb60880a970a88d90621cb2ccff", subdir = "crates/iota-framework/packages/stardust" }

dependencies = [
  { id = "Iota", name = "Iota" },
  { id = "MoveStdlib", name = "MoveStdlib" },
]

[[move.package]]
id = "Treasury"
source = { local = "../../../message-libs/treasury" }

dependencies = [
  { id = "Iota", name = "Iota" },
  { id = "IotaSystem", name = "IotaSystem" },
  { id = "MoveStdlib", name = "MoveStdlib" },
  { id = "Stardust", name = "Stardust" },
]

[[move.package]]
id = "Uln302"
source = { local = "../../../message-libs/uln-302" }

dependencies = [
  { id = "Iota", name = "Iota" },
  { id = "IotaSystem", name = "IotaSystem" },
  { id = "MessageLibCommon", name = "MessageLibCommon" },
  { id = "MoveStdlib", name = "MoveStdlib" },
  { id = "MultiCall", name = "MultiCall" },
  { id = "Stardust", name = "Stardust" },
  { id = "Treasury", name = "Treasury" },
  { id = "UlnCommon", name = "UlnCommon" },
]

[[move.package]]
id = "Uln302PtbBuilder"
source = { local = "../../../ptb-builders/msglib-ptb-builders/uln-302-ptb-builder" }

dependencies = [
  { id = "EndpointPtbBuilder", name = "EndpointPtbBuilder" },
  { id = "Iota", name = "Iota" },
  { id = "IotaSystem", name = "IotaSystem" },
  { id = "MoveStdlib", name = "MoveStdlib" },
  { id = "MsglibPtbBuilderCallTypes", name = "MsglibPtbBuilderCallTypes" },
  { id = "Stardust", name = "Stardust" },
  { id = "Uln302", name = "Uln302" },
]

[[move.package]]
id = "UlnCommon"
source = { local = "../../../message-libs/uln-common" }

dependencies = [
  { id = "Iota", name = "Iota" },
  { id = "IotaSystem", name = "IotaSystem" },
  { id = "MoveStdlib", name = "MoveStdlib" },
  { id = "Stardust", name = "Stardust" },
  { id = "Utils", name = "Utils" },
]

[[move.package]]
id = "Utils"
source = { local = "../../../utils" }

dependencies = [
  { id = "Iota", name = "Iota" },
  { id = "IotaSystem", name = "IotaSystem" },
  { id = "MoveStdlib", name = "MoveStdlib" },
  { id = "Stardust", name = "Stardust" },
]

[[move.package]]
id = "WorkerCommon"
source = { local = "../../../workers/worker-common" }

dependencies = [
  { id = "Call", name = "Call" },
  { id = "Iota", name = "Iota" },
  { id = "IotaSystem", name = "IotaSystem" },
  { id = "MoveStdlib", name = "MoveStdlib" },
  { id = "Stardust", name = "Stardust" },
]

[[move.package]]
id = "WorkerRegistry"
source = { local = "../../../workers/worker-registry" }

dependencies = [
  { id = "Call", name = "Call" },
  { id = "Iota", name = "Iota" },
  { id = "IotaSystem", name = "IotaSystem" },
  { id = "MoveStdlib", name = "MoveStdlib" },
  { id = "Stardust", name = "Stardust" },
]

[[move.package]]
id = "Zro"
source = { local = "../../../zro" }

dependencies = [
  { id = "Iota", name = "Iota" },
  { id = "IotaSystem", name = "IotaSystem" },
  { id = "MoveStdlib", name = "MoveStdlib" },
  { id = "Stardust", name = "Stardust" },
]

[move.toolchain-version]
compiler-version = "1.9.2"
edition = "2024.beta"
flavor = "iota"

[env]
[env.testnet]
chain-id = "2304aa97"
original-published-id = "0xb62e273025560bf24612e16f4341e45f940e1907bfd3025eeeeaf191c402f77d"
latest-published-id = "0xb62e273025560bf24612e16f4341e45f940e1907bfd3025eeeeaf191c402f77d"
published-version = "1"

[env.mainnet]
chain-id = "6364aad5"
original-published-id = "0x2cfcc7736d63eac8542f057448fdd98252c4302052ea3b698da621deb69912e7"
latest-published-id = "0x2cfcc7736d63eac8542f057448fdd98252c4302052ea3b698da621deb69912e7"
published-version = "1"
