[move]
version = 3
manifest_digest = "37D7E3A717E12F1692EF4D943CF597810307BEE40867790B6150C8253639AC50"
deps_digest = "D7FB1F2E1A893B9A0E80A392473710373DE5791D3AC8F6D898803754B2ADAE6B"

[[move.dependencies]]
id = "DvnCallType"
name = "DvnCallType"

[[move.dependencies]]
id = "Iota"
name = "Iota"

[[move.dependencies]]
id = "IotaSystem"
name = "IotaSystem"

[[move.dependencies]]
id = "MessageLibCommon"
name = "MessageLibCommon"

[[move.dependencies]]
id = "MoveStdlib"
name = "MoveStdlib"

[[move.dependencies]]
id = "MsglibPtbBuilderCallTypes"
name = "MsglibPtbBuilderCallTypes"

[[move.dependencies]]
id = "MultiCall"
name = "MultiCall"

[[move.dependencies]]
id = "Stardust"
name = "Stardust"

[[move.dependencies]]
id = "UlnCommon"
name = "UlnCommon"

[[move.dependencies]]
id = "WorkerCommon"
name = "WorkerCommon"

[[move.dependencies]]
id = "WorkerRegistry"
name = "WorkerRegistry"

[[move.package]]
id = "Call"

[move.package.source]
local = "../../../dynamic-call/call"

[[move.package.dependencies]]
id = "Iota"
name = "Iota"

[[move.package.dependencies]]
id = "IotaSystem"
name = "IotaSystem"

[[move.package.dependencies]]
id = "MoveStdlib"
name = "MoveStdlib"

[[move.package.dependencies]]
id = "Stardust"
name = "Stardust"

[[move.package.dependencies]]
id = "Utils"
name = "Utils"

[[move.package]]
id = "DvnCallType"

[move.package.source]
local = "../dvn-call-type"

[[move.package.dependencies]]
id = "Iota"
name = "Iota"

[[move.package.dependencies]]
id = "IotaSystem"
name = "IotaSystem"

[[move.package.dependencies]]
id = "MoveStdlib"
name = "MoveStdlib"

[[move.package.dependencies]]
id = "Stardust"
name = "Stardust"

[[move.package]]
id = "EndpointV2"

[move.package.source]
local = "../../../endpoint-v2"

[[move.package.dependencies]]
id = "Call"
name = "Call"

[[move.package.dependencies]]
id = "Iota"
name = "Iota"

[[move.package.dependencies]]
id = "IotaSystem"
name = "IotaSystem"

[[move.package.dependencies]]
id = "MoveStdlib"
name = "MoveStdlib"

[[move.package.dependencies]]
id = "Stardust"
name = "Stardust"

[[move.package.dependencies]]
id = "Zro"
name = "Zro"

[[move.package]]
id = "Iota"

[move.package.source]
git = "https://github.com/iotaledger/iota.git"
rev = "bc1cbaf1049b94dde6f0b0cb9af89547132194c3"
subdir = "crates/iota-framework/packages/iota-framework"

[[move.package.dependencies]]
id = "MoveStdlib"
name = "MoveStdlib"

[[move.package]]
id = "IotaSystem"

[move.package.source]
git = "https://github.com/iotaledger/iota.git"
rev = "bc1cbaf1049b94dde6f0b0cb9af89547132194c3"
subdir = "crates/iota-framework/packages/iota-system"

[[move.package.dependencies]]
id = "Iota"
name = "Iota"

[[move.package.dependencies]]
id = "MoveStdlib"
name = "MoveStdlib"

[[move.package]]
id = "MessageLibCommon"

[move.package.source]
local = "../../../message-libs/message-lib-common"

[[move.package.dependencies]]
id = "EndpointV2"
name = "EndpointV2"

[[move.package.dependencies]]
id = "Iota"
name = "Iota"

[[move.package.dependencies]]
id = "IotaSystem"
name = "IotaSystem"

[[move.package.dependencies]]
id = "MoveStdlib"
name = "MoveStdlib"

[[move.package.dependencies]]
id = "Stardust"
name = "Stardust"

[[move.package]]
id = "MoveStdlib"

[move.package.source]
git = "https://github.com/iotaledger/iota.git"
rev = "bc1cbaf1049b94dde6f0b0cb9af89547132194c3"
subdir = "crates/iota-framework/packages/move-stdlib"

[[move.package]]
id = "MsglibPtbBuilderCallTypes"

[move.package.source]
local = "../../../ptb-builders/msglib-ptb-builders/msglib-ptb-builder-call-types"

[[move.package.dependencies]]
id = "Iota"
name = "Iota"

[[move.package.dependencies]]
id = "IotaSystem"
name = "IotaSystem"

[[move.package.dependencies]]
id = "MoveStdlib"
name = "MoveStdlib"

[[move.package.dependencies]]
id = "PtbMoveCall"
name = "PtbMoveCall"

[[move.package.dependencies]]
id = "Stardust"
name = "Stardust"

[[move.package]]
id = "MultiCall"

[move.package.source]
local = "../../../dynamic-call/multi-call"

[[move.package.dependencies]]
id = "Call"
name = "Call"

[[move.package.dependencies]]
id = "Iota"
name = "Iota"

[[move.package.dependencies]]
id = "IotaSystem"
name = "IotaSystem"

[[move.package.dependencies]]
id = "MoveStdlib"
name = "MoveStdlib"

[[move.package.dependencies]]
id = "Stardust"
name = "Stardust"

[[move.package]]
id = "PtbMoveCall"

[move.package.source]
local = "../../../ptb-builders/ptb-move-call"

[[move.package.dependencies]]
id = "Iota"
name = "Iota"

[[move.package.dependencies]]
id = "IotaSystem"
name = "IotaSystem"

[[move.package.dependencies]]
id = "MoveStdlib"
name = "MoveStdlib"

[[move.package.dependencies]]
id = "Stardust"
name = "Stardust"

[[move.package.dependencies]]
id = "Utils"
name = "Utils"

[[move.package]]
id = "Stardust"

[move.package.source]
git = "https://github.com/iotaledger/iota.git"
rev = "bc1cbaf1049b94dde6f0b0cb9af89547132194c3"
subdir = "crates/iota-framework/packages/stardust"

[[move.package.dependencies]]
id = "Iota"
name = "Iota"

[[move.package.dependencies]]
id = "MoveStdlib"
name = "MoveStdlib"

[[move.package]]
id = "UlnCommon"

[move.package.source]
local = "../../../message-libs/uln-common"

[[move.package.dependencies]]
id = "Iota"
name = "Iota"

[[move.package.dependencies]]
id = "IotaSystem"
name = "IotaSystem"

[[move.package.dependencies]]
id = "MoveStdlib"
name = "MoveStdlib"

[[move.package.dependencies]]
id = "Stardust"
name = "Stardust"

[[move.package.dependencies]]
id = "Utils"
name = "Utils"

[[move.package]]
id = "Utils"

[move.package.source]
local = "../../../utils"

[[move.package.dependencies]]
id = "Iota"
name = "Iota"

[[move.package.dependencies]]
id = "IotaSystem"
name = "IotaSystem"

[[move.package.dependencies]]
id = "MoveStdlib"
name = "MoveStdlib"

[[move.package.dependencies]]
id = "Stardust"
name = "Stardust"

[[move.package]]
id = "WorkerCommon"

[move.package.source]
local = "../../worker-common"

[[move.package.dependencies]]
id = "Call"
name = "Call"

[[move.package.dependencies]]
id = "Iota"
name = "Iota"

[[move.package.dependencies]]
id = "IotaSystem"
name = "IotaSystem"

[[move.package.dependencies]]
id = "MoveStdlib"
name = "MoveStdlib"

[[move.package.dependencies]]
id = "Stardust"
name = "Stardust"

[[move.package]]
id = "WorkerRegistry"

[move.package.source]
local = "../../worker-registry"

[[move.package.dependencies]]
id = "Call"
name = "Call"

[[move.package.dependencies]]
id = "Iota"
name = "Iota"

[[move.package.dependencies]]
id = "IotaSystem"
name = "IotaSystem"

[[move.package.dependencies]]
id = "MoveStdlib"
name = "MoveStdlib"

[[move.package.dependencies]]
id = "Stardust"
name = "Stardust"

[[move.package]]
id = "Zro"

[move.package.source]
local = "../../../zro"

[[move.package.dependencies]]
id = "Iota"
name = "Iota"

[[move.package.dependencies]]
id = "IotaSystem"
name = "IotaSystem"

[[move.package.dependencies]]
id = "MoveStdlib"
name = "MoveStdlib"

[[move.package.dependencies]]
id = "Stardust"
name = "Stardust"

[move.toolchain-version]
compiler-version = "1.9.2"
edition = "2024.beta"
flavor = "iota"

[env]
[env.testnet]
chain-id = "2304aa97"
original-published-id = "0xcf9c9179230ef3dfde78f8ad3749060b530c8b5ca53fde8af9c1f016276583f6"
latest-published-id = "0xcf9c9179230ef3dfde78f8ad3749060b530c8b5ca53fde8af9c1f016276583f6"
published-version = "1"

[env.mainnet]
chain-id = "6364aad5"
original-published-id = "0x46b4cd0b7f3be8d8c319cb49c616d979050ea5116a985cf4dde575e1dbc8e8d0"
latest-published-id = "0x46b4cd0b7f3be8d8c319cb49c616d979050ea5116a985cf4dde575e1dbc8e8d0"
published-version = "1"
