[move]
version = 3
manifest_digest = "CE5089948BE7A102EC41704E461B1C57E9EB52A4DBB066B405ACA9684E0D792E"
deps_digest = "CAFAD8A7CF51067FB4358215BECB86BD100DD64E57C2AC8A7AE7D74B688F5965"
dependencies= [
  { id = "BlockedMessageLib", name = "BlockedMessageLib" },
  { id = "Iota", name = "Iota" },
  { id = "IotaSystem", name = "IotaSystem" },
  { id = "MoveStdlib", name = "MoveStdlib" },
  { id = "SimpleMessageLib", name = "SimpleMessageLib" },
  { id = "Stardust", name = "Stardust" },
  { id = "Uln302PtbBuilder", name = "Uln302PtbBuilder" },
]

[[move.package]]
id = "BlockedMessageLib"
source = { local = "../../../message-libs/blocked-message-lib" }

dependencies = [
  { id = "Iota", name = "Iota" },
  { id = "IotaSystem", name = "IotaSystem" },
  { id = "MessageLibCommon", name = "MessageLibCommon" },
  { id = "MoveStdlib", name = "MoveStdlib" },
  { id = "Stardust", name = "Stardust" },
]

[[move.package]]
id = "Call"
source = { local = "../../../dynamic-call/call" }

dependencies = [
  { id = "Iota", name = "Iota" },
  { id = "IotaSystem", name = "IotaSystem" },
  { id = "MoveStdlib", name = "MoveStdlib" },
  { id = "Stardust", name = "Stardust" },
  { id = "Utils", name = "Utils" },
]

[[move.package]]
id = "EndpointPtbBuilder"
source = { local = "../../endpoint-ptb-builder" }

dependencies = [
  { id = "EndpointV2", name = "EndpointV2" },
  { id = "Iota", name = "Iota" },
  { id = "IotaSystem", name = "IotaSystem" },
  { id = "MoveStdlib", name = "MoveStdlib" },
  { id = "PtbMoveCall", name = "PtbMoveCall" },
  { id = "Stardust", name = "Stardust" },
]

[[move.package]]
id = "EndpointV2"
source = { local = "../../../endpoint-v2" }

dependencies = [
  { id = "Call", name = "Call" },
  { id = "Iota", name = "Iota" },
  { id = "IotaSystem", name = "IotaSystem" },
  { id = "MoveStdlib", name = "MoveStdlib" },
  { id = "Stardust", name = "Stardust" },
  { id = "Zro", name = "Zro" },
]

[[move.package]]
id = "Iota"
source = { git = "https://github.com/iotaledger/iota.git", rev = "79428efeb99e1bb60880a970a88d90621cb2ccff", subdir = "crates/iota-framework/packages/iota-framework" }

dependencies = [
  { id = "MoveStdlib", name = "MoveStdlib" },
]

[[move.package]]
id = "IotaSystem"
source = { git = "https://github.com/iotaledger/iota.git", rev = "79428efeb99e1bb60880a970a88d90621cb2ccff", subdir = "crates/iota-framework/packages/iota-system" }

dependencies = [
  { id = "Iota", name = "Iota" },
  { id = "MoveStdlib", name = "MoveStdlib" },
]

[[move.package]]
id = "MessageLibCommon"
source = { local = "../../../message-libs/message-lib-common" }

dependencies = [
  { id = "EndpointV2", name = "EndpointV2" },
  { id = "Iota", name = "Iota" },
  { id = "IotaSystem", name = "IotaSystem" },
  { id = "MoveStdlib", name = "MoveStdlib" },
  { id = "Stardust", name = "Stardust" },
]

[[move.package]]
id = "MoveStdlib"
source = { git = "https://github.com/iotaledger/iota.git", rev = "79428efeb99e1bb60880a970a88d90621cb2ccff", subdir = "crates/iota-framework/packages/move-stdlib" }

[[move.package]]
id = "MsglibPtbBuilderCallTypes"
source = { local = "../../msglib-ptb-builders/msglib-ptb-builder-call-types" }

dependencies = [
  { id = "Iota", name = "Iota" },
  { id = "IotaSystem", name = "IotaSystem" },
  { id = "MoveStdlib", name = "MoveStdlib" },
  { id = "PtbMoveCall", name = "PtbMoveCall" },
  { id = "Stardust", name = "Stardust" },
]

[[move.package]]
id = "MultiCall"
source = { local = "../../../dynamic-call/multi-call" }

dependencies = [
  { id = "Call", name = "Call" },
  { id = "Iota", name = "Iota" },
  { id = "IotaSystem", name = "IotaSystem" },
  { id = "MoveStdlib", name = "MoveStdlib" },
  { id = "Stardust", name = "Stardust" },
]

[[move.package]]
id = "PtbMoveCall"
source = { local = "../../ptb-move-call" }

dependencies = [
  { id = "Iota", name = "Iota" },
  { id = "IotaSystem", name = "IotaSystem" },
  { id = "MoveStdlib", name = "MoveStdlib" },
  { id = "Stardust", name = "Stardust" },
  { id = "Utils", name = "Utils" },
]

[[move.package]]
id = "SimpleMessageLib"
source = { local = "../../../message-libs/simple-message-lib" }

dependencies = [
  { id = "Iota", name = "Iota" },
  { id = "IotaSystem", name = "IotaSystem" },
  { id = "MessageLibCommon", name = "MessageLibCommon" },
  { id = "MoveStdlib", name = "MoveStdlib" },
  { id = "Stardust", name = "Stardust" },
]

[[move.package]]
id = "Stardust"
source = { git = "https://github.com/iotaledger/iota.git", rev = "79428efeb99e1bb60880a970a88d90621cb2ccff", subdir = "crates/iota-framework/packages/stardust" }

dependencies = [
  { id = "Iota", name = "Iota" },
  { id = "MoveStdlib", name = "MoveStdlib" },
]

[[move.package]]
id = "Treasury"
source = { local = "../../../message-libs/treasury" }

dependencies = [
  { id = "Iota", name = "Iota" },
  { id = "IotaSystem", name = "IotaSystem" },
  { id = "MoveStdlib", name = "MoveStdlib" },
  { id = "Stardust", name = "Stardust" },
]

[[move.package]]
id = "Uln302"
source = { local = "../../../message-libs/uln-302" }

dependencies = [
  { id = "Iota", name = "Iota" },
  { id = "IotaSystem", name = "IotaSystem" },
  { id = "MessageLibCommon", name = "MessageLibCommon" },
  { id = "MoveStdlib", name = "MoveStdlib" },
  { id = "MultiCall", name = "MultiCall" },
  { id = "Stardust", name = "Stardust" },
  { id = "Treasury", name = "Treasury" },
  { id = "UlnCommon", name = "UlnCommon" },
]

[[move.package]]
id = "Uln302PtbBuilder"
source = { local = "../../msglib-ptb-builders/uln-302-ptb-builder" }

dependencies = [
  { id = "EndpointPtbBuilder", name = "EndpointPtbBuilder" },
  { id = "Iota", name = "Iota" },
  { id = "IotaSystem", name = "IotaSystem" },
  { id = "MoveStdlib", name = "MoveStdlib" },
  { id = "MsglibPtbBuilderCallTypes", name = "MsglibPtbBuilderCallTypes" },
  { id = "Stardust", name = "Stardust" },
  { id = "Uln302", name = "Uln302" },
]

[[move.package]]
id = "UlnCommon"
source = { local = "../../../message-libs/uln-common" }

dependencies = [
  { id = "Iota", name = "Iota" },
  { id = "IotaSystem", name = "IotaSystem" },
  { id = "MoveStdlib", name = "MoveStdlib" },
  { id = "Stardust", name = "Stardust" },
  { id = "Utils", name = "Utils" },
]

[[move.package]]
id = "Utils"
source = { local = "../../../utils" }

dependencies = [
  { id = "Iota", name = "Iota" },
  { id = "IotaSystem", name = "IotaSystem" },
  { id = "MoveStdlib", name = "MoveStdlib" },
  { id = "Stardust", name = "Stardust" },
]

[[move.package]]
id = "Zro"
source = { local = "../../../zro" }

dependencies = [
  { id = "Iota", name = "Iota" },
  { id = "IotaSystem", name = "IotaSystem" },
  { id = "MoveStdlib", name = "MoveStdlib" },
  { id = "Stardust", name = "Stardust" },
]

[move.toolchain-version]
compiler-version = "1.9.2"
edition = "2024.beta"
flavor = "iota"

[env]
[env.testnet]
chain-id = "2304aa97"
original-published-id = "0x43713bc8ac3c792aeba65d0894c20ff57f65bb81bd6522a0b167518e4fa0b2a3"
latest-published-id = "0x43713bc8ac3c792aeba65d0894c20ff57f65bb81bd6522a0b167518e4fa0b2a3"
published-version = "1"

[env.mainnet]
chain-id = "6364aad5"
original-published-id = "0x4237925ef818b257654a34d1fdd6347fcab007a2cb2b2d5e63235e45e79b74e0"
latest-published-id = "0x4237925ef818b257654a34d1fdd6347fcab007a2cb2b2d5e63235e45e79b74e0"
published-version = "1"
