[move]
version = 3
manifest_digest = "FCC91C4A4D5EAD214A4CCF0158A7B4ABBD3B7705E687A0F50071BE2EB7FFC43F"
deps_digest = "397E6A9F7A624706DBDFEE056CE88391A15876868FD18A88504DA74EB458D697"

[[move.dependencies]]
id = "EndpointV2"
name = "EndpointV2"

[[move.dependencies]]
id = "Iota"
name = "Iota"

[[move.dependencies]]
id = "IotaSystem"
name = "IotaSystem"

[[move.dependencies]]
id = "MoveStdlib"
name = "MoveStdlib"

[[move.dependencies]]
id = "Stardust"
name = "Stardust"

[[move.package]]
id = "Call"

[move.package.source]
local = "../../dynamic-call/call"

[[move.package.dependencies]]
id = "Iota"
name = "Iota"

[[move.package.dependencies]]
id = "IotaSystem"
name = "IotaSystem"

[[move.package.dependencies]]
id = "MoveStdlib"
name = "MoveStdlib"

[[move.package.dependencies]]
id = "Stardust"
name = "Stardust"

[[move.package.dependencies]]
id = "Utils"
name = "Utils"

[[move.package]]
id = "EndpointV2"

[move.package.source]
local = "../../endpoint-v2"

[[move.package.dependencies]]
id = "Call"
name = "Call"

[[move.package.dependencies]]
id = "Iota"
name = "Iota"

[[move.package.dependencies]]
id = "IotaSystem"
name = "IotaSystem"

[[move.package.dependencies]]
id = "MoveStdlib"
name = "MoveStdlib"

[[move.package.dependencies]]
id = "Stardust"
name = "Stardust"

[[move.package.dependencies]]
id = "Zro"
name = "Zro"

[[move.package]]
id = "Iota"

[move.package.source]
git = "https://github.com/iotaledger/iota.git"
rev = "bc1cbaf1049b94dde6f0b0cb9af89547132194c3"
subdir = "crates/iota-framework/packages/iota-framework"

[[move.package.dependencies]]
id = "MoveStdlib"
name = "MoveStdlib"

[[move.package]]
id = "IotaSystem"

[move.package.source]
git = "https://github.com/iotaledger/iota.git"
rev = "bc1cbaf1049b94dde6f0b0cb9af89547132194c3"
subdir = "crates/iota-framework/packages/iota-system"

[[move.package.dependencies]]
id = "Iota"
name = "Iota"

[[move.package.dependencies]]
id = "MoveStdlib"
name = "MoveStdlib"

[[move.package]]
id = "MoveStdlib"

[move.package.source]
git = "https://github.com/iotaledger/iota.git"
rev = "bc1cbaf1049b94dde6f0b0cb9af89547132194c3"
subdir = "crates/iota-framework/packages/move-stdlib"

[[move.package]]
id = "Stardust"

[move.package.source]
git = "https://github.com/iotaledger/iota.git"
rev = "bc1cbaf1049b94dde6f0b0cb9af89547132194c3"
subdir = "crates/iota-framework/packages/stardust"

[[move.package.dependencies]]
id = "Iota"
name = "Iota"

[[move.package.dependencies]]
id = "MoveStdlib"
name = "MoveStdlib"

[[move.package]]
id = "Utils"

[move.package.source]
local = "../../utils"

[[move.package.dependencies]]
id = "Iota"
name = "Iota"

[[move.package.dependencies]]
id = "IotaSystem"
name = "IotaSystem"

[[move.package.dependencies]]
id = "MoveStdlib"
name = "MoveStdlib"

[[move.package.dependencies]]
id = "Stardust"
name = "Stardust"

[[move.package]]
id = "Zro"

[move.package.source]
local = "../../zro"

[[move.package.dependencies]]
id = "Iota"
name = "Iota"

[[move.package.dependencies]]
id = "IotaSystem"
name = "IotaSystem"

[[move.package.dependencies]]
id = "MoveStdlib"
name = "MoveStdlib"

[[move.package.dependencies]]
id = "Stardust"
name = "Stardust"

[move.toolchain-version]
compiler-version = "1.9.2"
edition = "2024.beta"
flavor = "iota"

[env]
[env.testnet]
chain-id = "2304aa97"
original-published-id = "0x671291d8b79938f5c7243b5430b47c35bcec0a4eb62aec9076db76e5a2e9095f"
latest-published-id = "0x671291d8b79938f5c7243b5430b47c35bcec0a4eb62aec9076db76e5a2e9095f"
published-version = "1"

[env.mainnet]
chain-id = "6364aad5"
original-published-id = "0x82e5f11a334d63630cdc992988900c34d571cf0ebb395db0ec5492298978003f"
latest-published-id = "0x82e5f11a334d63630cdc992988900c34d571cf0ebb395db0ec5492298978003f"
published-version = "1"
