[move]
version = 3
manifest_digest = "5C9FC124850EA587ABD6D6A757E7EAB6987229DD67D9AF581BFCA9E6B992102F"
deps_digest = "CAFAD8A7CF51067FB4358215BECB86BD100DD64E57C2AC8A7AE7D74B688F5965"

[[move.dependencies]]
id = "Bridge"
name = "Bridge"

[[move.dependencies]]
id = "Call"
name = "Call"

[[move.dependencies]]
id = "EndpointV2"
name = "EndpointV2"

[[move.dependencies]]
id = "MoveStdlib"
name = "MoveStdlib"

[[move.dependencies]]
id = "PtbMoveCall"
name = "PtbMoveCall"

[[move.dependencies]]
id = "Sui"
name = "Sui"

[[move.dependencies]]
id = "SuiSystem"
name = "SuiSystem"

[[move.package]]
id = "Bridge"

[move.package.source]
git = "https://github.com/MystenLabs/sui.git"
rev = "db951a5ea6b125f6253a6b7f436ddba46eb0feb3"
subdir = "crates/sui-framework/packages/bridge"

[[move.package.dependencies]]
id = "MoveStdlib"
name = "MoveStdlib"

[[move.package.dependencies]]
id = "Sui"
name = "Sui"

[[move.package.dependencies]]
id = "SuiSystem"
name = "SuiSystem"

[[move.package]]
id = "Call"

[move.package.source]
local = "../../call"

[[move.package.dependencies]]
id = "Bridge"
name = "Bridge"

[[move.package.dependencies]]
id = "MoveStdlib"
name = "MoveStdlib"

[[move.package.dependencies]]
id = "Sui"
name = "Sui"

[[move.package.dependencies]]
id = "SuiSystem"
name = "SuiSystem"

[[move.package.dependencies]]
id = "Utils"
name = "Utils"

[[move.package]]
id = "EndpointV2"

[move.package.source]
local = "../../endpoint-v2"

[[move.package.dependencies]]
id = "Bridge"
name = "Bridge"

[[move.package.dependencies]]
id = "Call"
name = "Call"

[[move.package.dependencies]]
id = "MoveStdlib"
name = "MoveStdlib"

[[move.package.dependencies]]
id = "Sui"
name = "Sui"

[[move.package.dependencies]]
id = "SuiSystem"
name = "SuiSystem"

[[move.package.dependencies]]
id = "Utils"
name = "Utils"

[[move.package.dependencies]]
id = "Zro"
name = "Zro"

[[move.package]]
id = "MoveStdlib"

[move.package.source]
git = "https://github.com/MystenLabs/sui.git"
rev = "db951a5ea6b125f6253a6b7f436ddba46eb0feb3"
subdir = "crates/sui-framework/packages/move-stdlib"

[[move.package]]
id = "PtbMoveCall"

[move.package.source]
local = "../ptb-move-call"

[[move.package.dependencies]]
id = "Bridge"
name = "Bridge"

[[move.package.dependencies]]
id = "MoveStdlib"
name = "MoveStdlib"

[[move.package.dependencies]]
id = "Sui"
name = "Sui"

[[move.package.dependencies]]
id = "SuiSystem"
name = "SuiSystem"

[[move.package.dependencies]]
id = "Utils"
name = "Utils"

[[move.package]]
id = "Sui"

[move.package.source]
git = "https://github.com/MystenLabs/sui.git"
rev = "db951a5ea6b125f6253a6b7f436ddba46eb0feb3"
subdir = "crates/sui-framework/packages/sui-framework"

[[move.package.dependencies]]
id = "MoveStdlib"
name = "MoveStdlib"

[[move.package]]
id = "SuiSystem"

[move.package.source]
git = "https://github.com/MystenLabs/sui.git"
rev = "db951a5ea6b125f6253a6b7f436ddba46eb0feb3"
subdir = "crates/sui-framework/packages/sui-system"

[[move.package.dependencies]]
id = "MoveStdlib"
name = "MoveStdlib"

[[move.package.dependencies]]
id = "Sui"
name = "Sui"

[[move.package]]
id = "Utils"

[move.package.source]
local = "../../utils"

[[move.package.dependencies]]
id = "Bridge"
name = "Bridge"

[[move.package.dependencies]]
id = "MoveStdlib"
name = "MoveStdlib"

[[move.package.dependencies]]
id = "Sui"
name = "Sui"

[[move.package.dependencies]]
id = "SuiSystem"
name = "SuiSystem"

[[move.package]]
id = "Zro"

[move.package.source]
local = "../../zro"

[[move.package.dependencies]]
id = "Bridge"
name = "Bridge"

[[move.package.dependencies]]
id = "MoveStdlib"
name = "MoveStdlib"

[[move.package.dependencies]]
id = "Sui"
name = "Sui"

[[move.package.dependencies]]
id = "SuiSystem"
name = "SuiSystem"

[move.toolchain-version]
compiler-version = "1.54.1"
edition = "2024.beta"
flavor = "sui"

[env]
[env.testnet]
chain-id = "4c78adac"
original-published-id = "0xe0a904685954e5dc73a720f6dd29c8b5a22d2d4ca0864536b7befaf4cec44676"
latest-published-id = "0xe0a904685954e5dc73a720f6dd29c8b5a22d2d4ca0864536b7befaf4cec44676"
published-version = "1"

[env.mainnet]
chain-id = "35834a8a"
original-published-id = "0x387af0542c79874a52c3e8812390c0fd02a8e947ce54aea8d80481ac2b5b3acb"
latest-published-id = "0x387af0542c79874a52c3e8812390c0fd02a8e947ce54aea8d80481ac2b5b3acb"
published-version = "1"
